// !$*UTF8*$!
{
	archiveVersion = 1;
	classes = {
	};
	objectVersion = 55;
	objects = {

/* Begin PBXBuildFile section */
		473973BA29DA0EFE00378A69 /* CalculatorAppMac.swift in Sources */ = {isa = PBXBuildFile; fileRef = AA03B1ED298D535800A7837A /* CalculatorAppMac.swift */; };
		AA01B9D42957E44300617AFB /* Display.swift in Sources */ = {isa = PBXBuildFile; fileRef = AA01B9D32957E44300617AFB /* Display.swift */; };
		AA03B1F1298E0B1E00A7837A /* Assets.xcassets in Resources */ = {isa = PBXBuildFile; fileRef = AA0CE3CE298CBFB00057D0D8 /* Assets.xcassets */; };
		AA03B1F2298F639100A7837A /* gmp.xcframework in Frameworks */ = {isa = PBXBuildFile; fileRef = AA2FABEE272F2141006DE4C8 /* gmp.xcframework */; };
		AA050D5A296BECD500A55498 /* Calculator_UITests.swift in Sources */ = {isa = PBXBuildFile; fileRef = AA050D59296BECD500A55498 /* Calculator_UITests.swift */; };
		AA050D5C296BECD500A55498 /* Calculator_UITestsLaunchTests.swift in Sources */ = {isa = PBXBuildFile; fileRef = AA050D5B296BECD500A55498 /* Calculator_UITestsLaunchTests.swift */; };
		AA08C7C6272EDA4A001B8575 /* Assets.xcassets in Resources */ = {isa = PBXBuildFile; fileRef = AA08C7C5272EDA4A001B8575 /* Assets.xcassets */; };
		AA08C7C9272EDA4A001B8575 /* Preview Assets.xcassets in Resources */ = {isa = PBXBuildFile; fileRef = AA08C7C8272EDA4A001B8575 /* Preview Assets.xcassets */; };
		AA08C7D3272EDA4A001B8575 /* DisplayTests.swift in Sources */ = {isa = PBXBuildFile; fileRef = AA08C7D2272EDA4A001B8575 /* DisplayTests.swift */; };
		AA0CE3D2298CBFB00057D0D8 /* Preview Assets.xcassets in Resources */ = {isa = PBXBuildFile; fileRef = AA0CE3D1298CBFB00057D0D8 /* Preview Assets.xcassets */; };
		AA0CE3D8298CC0BA0057D0D8 /* Calculator.swift in Sources */ = {isa = PBXBuildFile; fileRef = AA92B4C829273A58005E43F0 /* Calculator.swift */; };
		AA0CE3D9298CC0C40057D0D8 /* Screen.swift in Sources */ = {isa = PBXBuildFile; fileRef = AAE426F629597AE3005FE365 /* Screen.swift */; };
		AA0CE3DA298CC0D50057D0D8 /* Store.swift in Sources */ = {isa = PBXBuildFile; fileRef = AA6CE7062945C1D4002BB5FE /* Store.swift */; };
		AA0CE3DB298CC0E40057D0D8 /* ViewModel.swift in Sources */ = {isa = PBXBuildFile; fileRef = AA32853A297248B800D86CB4 /* ViewModel.swift */; };
		AA0CE3DC298CC1E60057D0D8 /* Display.swift in Sources */ = {isa = PBXBuildFile; fileRef = AA01B9D32957E44300617AFB /* Display.swift */; };
		AA0CE3DD298CC31C0057D0D8 /* PortraitDisplay.swift in Sources */ = {isa = PBXBuildFile; fileRef = AA29F589293CD608001ADF5A /* PortraitDisplay.swift */; };
		AA0CE3DE298CC32A0057D0D8 /* ScientificKeyboard.swift in Sources */ = {isa = PBXBuildFile; fileRef = AABCF8B9292B8818007E5C35 /* ScientificKeyboard.swift */; };
		AA0CE3DF298CC32A0057D0D8 /* NonScientificKeyboard.swift in Sources */ = {isa = PBXBuildFile; fileRef = AAB10B96292A2222004707E9 /* NonScientificKeyboard.swift */; };
		AA0CE3E0298CC3370057D0D8 /* Key.swift in Sources */ = {isa = PBXBuildFile; fileRef = AA370C30293352D60041AE4E /* Key.swift */; };
		AA0CE3E1298CC36E0057D0D8 /* Number.swift in Sources */ = {isa = PBXBuildFile; fileRef = AA2FABF8272F2348006DE4C8 /* Number.swift */; };
		AA0CE3E2298CC3770057D0D8 /* Gmp.swift in Sources */ = {isa = PBXBuildFile; fileRef = AA2FABF1272F217F006DE4C8 /* Gmp.swift */; };
		AA0CE3E3298CC3980057D0D8 /* OperatorStack.swift in Sources */ = {isa = PBXBuildFile; fileRef = AA2FAC0D272F2349006DE4C8 /* OperatorStack.swift */; };
		AA0CE3E6298CC4130057D0D8 /* ThreeDots.swift in Sources */ = {isa = PBXBuildFile; fileRef = AA92B4C429266CC1005E43F0 /* ThreeDots.swift */; };
		AA0CE3E7298CC4530057D0D8 /* LandscapeDisplay.swift in Sources */ = {isa = PBXBuildFile; fileRef = AA6D79D72957FCB900AF7E13 /* LandscapeDisplay.swift */; };
		AA0CE3E8298CC45C0057D0D8 /* Icons.swift in Sources */ = {isa = PBXBuildFile; fileRef = AA8453E7294D872300A50B74 /* Icons.swift */; };
		AA0CE3E9298CC4680057D0D8 /* ScrollViewConditionalAnimation.swift in Sources */ = {isa = PBXBuildFile; fileRef = AA672B09295189950044DC08 /* ScrollViewConditionalAnimation.swift */; };
		AA0CE3EA298CC4720057D0D8 /* PurchaseView.swift in Sources */ = {isa = PBXBuildFile; fileRef = AA6CE70B2945CE0A002BB5FE /* PurchaseView.swift */; };
		AA0CE3EB298CC4890057D0D8 /* FlexibleNavigation.swift in Sources */ = {isa = PBXBuildFile; fileRef = AA32853C29724D5700D86CB4 /* FlexibleNavigation.swift */; };
		AA0CE3EC298CC4B90057D0D8 /* KeyColor.swift in Sources */ = {isa = PBXBuildFile; fileRef = AABEFC122972A8780023A3C9 /* KeyColor.swift */; };
		AA0CE3ED298CC4C30057D0D8 /* Brain.swift in Sources */ = {isa = PBXBuildFile; fileRef = AA689124295E681400129593 /* Brain.swift */; };
		AA0CE3EE298CC4C70057D0D8 /* BrainEngine.swift in Sources */ = {isa = PBXBuildFile; fileRef = AA2FAC01272F2348006DE4C8 /* BrainEngine.swift */; };
		AA0CE3EF298CC4CB0057D0D8 /* NumberStack.swift in Sources */ = {isa = PBXBuildFile; fileRef = AA2FABFB272F2348006DE4C8 /* NumberStack.swift */; };
		AA0CE3F2298CF8D10057D0D8 /* Extensions.swift in Sources */ = {isa = PBXBuildFile; fileRef = AA370C2C293352960041AE4E /* Extensions.swift */; };
		AA0CE3F3298CF9FB0057D0D8 /* Settings.swift in Sources */ = {isa = PBXBuildFile; fileRef = AA3FB8262920E0E5002ECCEB /* Settings.swift */; };
		AA0CE3F4298CFA100057D0D8 /* ColoredStepper.swift in Sources */ = {isa = PBXBuildFile; fileRef = AA92B4C229250827005E43F0 /* ColoredStepper.swift */; };
		AA0CE3F5298CFD090057D0D8 /* Label.swift in Sources */ = {isa = PBXBuildFile; fileRef = AAB10B94292A2222004707E9 /* Label.swift */; };
		AA29F58A293CD608001ADF5A /* PortraitDisplay.swift in Sources */ = {isa = PBXBuildFile; fileRef = AA29F589293CD608001ADF5A /* PortraitDisplay.swift */; };
		AA2FABEB272F2135006DE4C8 /* mpfr.xcframework in Frameworks */ = {isa = PBXBuildFile; fileRef = AA2FABEA272F2135006DE4C8 /* mpfr.xcframework */; };
		AA2FABF2272F217F006DE4C8 /* Gmp.swift in Sources */ = {isa = PBXBuildFile; fileRef = AA2FABF1272F217F006DE4C8 /* Gmp.swift */; };
		AA2FAC0F272F2349006DE4C8 /* Number.swift in Sources */ = {isa = PBXBuildFile; fileRef = AA2FABF8272F2348006DE4C8 /* Number.swift */; };
		AA2FAC12272F2349006DE4C8 /* NumberStack.swift in Sources */ = {isa = PBXBuildFile; fileRef = AA2FABFB272F2348006DE4C8 /* NumberStack.swift */; };
		AA2FAC15272F2349006DE4C8 /* CalculatorApp.swift in Sources */ = {isa = PBXBuildFile; fileRef = AA2FABFF272F2348006DE4C8 /* CalculatorApp.swift */; };
		AA2FAC17272F2349006DE4C8 /* BrainEngine.swift in Sources */ = {isa = PBXBuildFile; fileRef = AA2FAC01272F2348006DE4C8 /* BrainEngine.swift */; };
		AA2FAC1A272F2349006DE4C8 /* CalculatorCommands.swift in Sources */ = {isa = PBXBuildFile; fileRef = AA2FAC04272F2348006DE4C8 /* CalculatorCommands.swift */; };
		AA2FAC23272F2349006DE4C8 /* OperatorStack.swift in Sources */ = {isa = PBXBuildFile; fileRef = AA2FAC0D272F2349006DE4C8 /* OperatorStack.swift */; };
		AA32853B297248B800D86CB4 /* ViewModel.swift in Sources */ = {isa = PBXBuildFile; fileRef = AA32853A297248B800D86CB4 /* ViewModel.swift */; };
		AA32853D29724D5700D86CB4 /* FlexibleNavigation.swift in Sources */ = {isa = PBXBuildFile; fileRef = AA32853C29724D5700D86CB4 /* FlexibleNavigation.swift */; };
		AA370C2D293352960041AE4E /* Extensions.swift in Sources */ = {isa = PBXBuildFile; fileRef = AA370C2C293352960041AE4E /* Extensions.swift */; };
		AA370C31293352D60041AE4E /* Key.swift in Sources */ = {isa = PBXBuildFile; fileRef = AA370C30293352D60041AE4E /* Key.swift */; };
		AA3FB8272920E0E5002ECCEB /* Settings.swift in Sources */ = {isa = PBXBuildFile; fileRef = AA3FB8262920E0E5002ECCEB /* Settings.swift */; };
		AA510C7C29B470B7009368FC /* BrainTests.swift in Sources */ = {isa = PBXBuildFile; fileRef = AA510C7B29B470B7009368FC /* BrainTests.swift */; };
		AA6577F52935B90D00DA98E7 /* TODOs.rtf in Resources */ = {isa = PBXBuildFile; fileRef = AA6577F42935B90D00DA98E7 /* TODOs.rtf */; };
		AA672B0A295189950044DC08 /* ScrollViewConditionalAnimation.swift in Sources */ = {isa = PBXBuildFile; fileRef = AA672B09295189950044DC08 /* ScrollViewConditionalAnimation.swift */; };
		AA689125295E681400129593 /* Brain.swift in Sources */ = {isa = PBXBuildFile; fileRef = AA689124295E681400129593 /* Brain.swift */; };
		AA6CE7072945C1D4002BB5FE /* Store.swift in Sources */ = {isa = PBXBuildFile; fileRef = AA6CE7062945C1D4002BB5FE /* Store.swift */; };
		AA6CE70A2945CC5C002BB5FE /* Test.storekit in Resources */ = {isa = PBXBuildFile; fileRef = AA6CE7092945CC5C002BB5FE /* Test.storekit */; };
		AA6CE70C2945CE0A002BB5FE /* PurchaseView.swift in Sources */ = {isa = PBXBuildFile; fileRef = AA6CE70B2945CE0A002BB5FE /* PurchaseView.swift */; };
		AA6D79D82957FCB900AF7E13 /* LandscapeDisplay.swift in Sources */ = {isa = PBXBuildFile; fileRef = AA6D79D72957FCB900AF7E13 /* LandscapeDisplay.swift */; };
		AA8453E8294D872300A50B74 /* Icons.swift in Sources */ = {isa = PBXBuildFile; fileRef = AA8453E7294D872300A50B74 /* Icons.swift */; };
		AA92B4C329250827005E43F0 /* ColoredStepper.swift in Sources */ = {isa = PBXBuildFile; fileRef = AA92B4C229250827005E43F0 /* ColoredStepper.swift */; };
		AA92B4C529266CC1005E43F0 /* ThreeDots.swift in Sources */ = {isa = PBXBuildFile; fileRef = AA92B4C429266CC1005E43F0 /* ThreeDots.swift */; };
		AA92B4C929273A58005E43F0 /* Calculator.swift in Sources */ = {isa = PBXBuildFile; fileRef = AA92B4C829273A58005E43F0 /* Calculator.swift */; };
		AAB10B9A292A2222004707E9 /* Label.swift in Sources */ = {isa = PBXBuildFile; fileRef = AAB10B94292A2222004707E9 /* Label.swift */; };
		AAB10B9C292A2222004707E9 /* NonScientificKeyboard.swift in Sources */ = {isa = PBXBuildFile; fileRef = AAB10B96292A2222004707E9 /* NonScientificKeyboard.swift */; };
		AABCF8BA292B8818007E5C35 /* ScientificKeyboard.swift in Sources */ = {isa = PBXBuildFile; fileRef = AABCF8B9292B8818007E5C35 /* ScientificKeyboard.swift */; };
		AABEFC132972A8780023A3C9 /* KeyColor.swift in Sources */ = {isa = PBXBuildFile; fileRef = AABEFC122972A8780023A3C9 /* KeyColor.swift */; };
		AAE426F729597AE3005FE365 /* Screen.swift in Sources */ = {isa = PBXBuildFile; fileRef = AAE426F629597AE3005FE365 /* Screen.swift */; };
/* End PBXBuildFile section */

/* Begin PBXContainerItemProxy section */
		AA050D5D296BECD500A55498 /* PBXContainerItemProxy */ = {
			isa = PBXContainerItemProxy;
			containerPortal = AA08C7B6272EDA48001B8575 /* Project object */;
			proxyType = 1;
			remoteGlobalIDString = AA08C7BD272EDA48001B8575;
			remoteInfo = Calculator;
		};
		AA08C7CF272EDA4A001B8575 /* PBXContainerItemProxy */ = {
			isa = PBXContainerItemProxy;
			containerPortal = AA08C7B6272EDA48001B8575 /* Project object */;
			proxyType = 1;
			remoteGlobalIDString = AA08C7BD272EDA48001B8575;
			remoteInfo = xx;
		};
/* End PBXContainerItemProxy section */

/* Begin PBXCopyFilesBuildPhase section */
		AA2FABED272F2136006DE4C8 /* Embed Frameworks */ = {
			isa = PBXCopyFilesBuildPhase;
			buildActionMask = 2147483647;
			dstPath = "";
			dstSubfolderSpec = 10;
			files = (
			);
			name = "Embed Frameworks";
			runOnlyForDeploymentPostprocessing = 0;
		};
/* End PBXCopyFilesBuildPhase section */

/* Begin PBXFileReference section */
		AA01B9D32957E44300617AFB /* Display.swift */ = {isa = PBXFileReference; lastKnownFileType = sourcecode.swift; path = Display.swift; sourceTree = "<group>"; };
		AA03B1ED298D535800A7837A /* CalculatorAppMac.swift */ = {isa = PBXFileReference; lastKnownFileType = sourcecode.swift; path = CalculatorAppMac.swift; sourceTree = "<group>"; };
		AA050D57296BECD500A55498 /* Calculator_UITests.xctest */ = {isa = PBXFileReference; explicitFileType = wrapper.cfbundle; includeInIndex = 0; path = Calculator_UITests.xctest; sourceTree = BUILT_PRODUCTS_DIR; };
		AA050D59296BECD500A55498 /* Calculator_UITests.swift */ = {isa = PBXFileReference; lastKnownFileType = sourcecode.swift; path = Calculator_UITests.swift; sourceTree = "<group>"; };
		AA050D5B296BECD500A55498 /* Calculator_UITestsLaunchTests.swift */ = {isa = PBXFileReference; lastKnownFileType = sourcecode.swift; path = Calculator_UITestsLaunchTests.swift; sourceTree = "<group>"; };
		AA08C7BE272EDA48001B8575 /* Better Calc.app */ = {isa = PBXFileReference; explicitFileType = wrapper.application; includeInIndex = 0; path = "Better Calc.app"; sourceTree = BUILT_PRODUCTS_DIR; };
		AA08C7C5272EDA4A001B8575 /* Assets.xcassets */ = {isa = PBXFileReference; lastKnownFileType = folder.assetcatalog; path = Assets.xcassets; sourceTree = "<group>"; };
		AA08C7C8272EDA4A001B8575 /* Preview Assets.xcassets */ = {isa = PBXFileReference; lastKnownFileType = folder.assetcatalog; path = "Preview Assets.xcassets"; sourceTree = "<group>"; };
		AA08C7CE272EDA4A001B8575 /* CalculatorTests.xctest */ = {isa = PBXFileReference; explicitFileType = wrapper.cfbundle; includeInIndex = 0; path = CalculatorTests.xctest; sourceTree = BUILT_PRODUCTS_DIR; };
		AA08C7D2272EDA4A001B8575 /* DisplayTests.swift */ = {isa = PBXFileReference; lastKnownFileType = sourcecode.swift; path = DisplayTests.swift; sourceTree = "<group>"; };
		AA08C7EB272F1241001B8575 /* Calculator.entitlements */ = {isa = PBXFileReference; lastKnownFileType = text.plist.entitlements; path = Calculator.entitlements; sourceTree = "<group>"; };
		AA08C7EC272F1572001B8575 /* Info.plist */ = {isa = PBXFileReference; lastKnownFileType = text.plist; path = Info.plist; sourceTree = "<group>"; };
		AA0CE3C8298CBFAF0057D0D8 /* Calculator.app */ = {isa = PBXFileReference; explicitFileType = wrapper.application; includeInIndex = 0; path = Calculator.app; sourceTree = BUILT_PRODUCTS_DIR; };
		AA0CE3CE298CBFB00057D0D8 /* Assets.xcassets */ = {isa = PBXFileReference; lastKnownFileType = folder.assetcatalog; path = Assets.xcassets; sourceTree = "<group>"; };
		AA0CE3D1298CBFB00057D0D8 /* Preview Assets.xcassets */ = {isa = PBXFileReference; lastKnownFileType = folder.assetcatalog; path = "Preview Assets.xcassets"; sourceTree = "<group>"; };
		AA0CE3D3298CBFB00057D0D8 /* CalculatorMac.entitlements */ = {isa = PBXFileReference; lastKnownFileType = text.plist.entitlements; path = CalculatorMac.entitlements; sourceTree = "<group>"; };
		AA1B007C294777180054C851 /* gmp.h */ = {isa = PBXFileReference; fileEncoding = 4; lastKnownFileType = sourcecode.c.h; name = gmp.h; path = dist/include/gmp.h; sourceTree = SOURCE_ROOT; };
		AA1B007D294777180054C851 /* bridge.h */ = {isa = PBXFileReference; fileEncoding = 4; lastKnownFileType = sourcecode.c.h; name = bridge.h; path = dist/include/bridge.h; sourceTree = SOURCE_ROOT; };
		AA1B007E294777190054C851 /* mpfr.h */ = {isa = PBXFileReference; fileEncoding = 4; lastKnownFileType = sourcecode.c.h; name = mpfr.h; path = dist/include/mpfr.h; sourceTree = SOURCE_ROOT; };
		AA1B007F294777190054C851 /* mpf2mpfr.h */ = {isa = PBXFileReference; fileEncoding = 4; lastKnownFileType = sourcecode.c.h; name = mpf2mpfr.h; path = dist/include/mpf2mpfr.h; sourceTree = SOURCE_ROOT; };
		AA29F589293CD608001ADF5A /* PortraitDisplay.swift */ = {isa = PBXFileReference; lastKnownFileType = sourcecode.swift; path = PortraitDisplay.swift; sourceTree = "<group>"; };
		AA2FABEA272F2135006DE4C8 /* mpfr.xcframework */ = {isa = PBXFileReference; lastKnownFileType = wrapper.xcframework; name = mpfr.xcframework; path = dist/mpfr.xcframework; sourceTree = "<group>"; };
		AA2FABEE272F2141006DE4C8 /* gmp.xcframework */ = {isa = PBXFileReference; lastKnownFileType = wrapper.xcframework; name = gmp.xcframework; path = dist/gmp.xcframework; sourceTree = "<group>"; };
		AA2FABF1272F217F006DE4C8 /* Gmp.swift */ = {isa = PBXFileReference; fileEncoding = 4; lastKnownFileType = sourcecode.swift; path = Gmp.swift; sourceTree = "<group>"; };
		AA2FABF8272F2348006DE4C8 /* Number.swift */ = {isa = PBXFileReference; fileEncoding = 4; lastKnownFileType = sourcecode.swift; path = Number.swift; sourceTree = "<group>"; };
		AA2FABFB272F2348006DE4C8 /* NumberStack.swift */ = {isa = PBXFileReference; fileEncoding = 4; lastKnownFileType = sourcecode.swift; path = NumberStack.swift; sourceTree = "<group>"; };
		AA2FABFC272F2348006DE4C8 /* Calculator.entitlements */ = {isa = PBXFileReference; fileEncoding = 4; lastKnownFileType = text.plist.entitlements; path = Calculator.entitlements; sourceTree = "<group>"; };
		AA2FABFF272F2348006DE4C8 /* CalculatorApp.swift */ = {isa = PBXFileReference; fileEncoding = 4; lastKnownFileType = sourcecode.swift; path = CalculatorApp.swift; sourceTree = "<group>"; };
		AA2FAC01272F2348006DE4C8 /* BrainEngine.swift */ = {isa = PBXFileReference; fileEncoding = 4; lastKnownFileType = sourcecode.swift; path = BrainEngine.swift; sourceTree = "<group>"; };
		AA2FAC04272F2348006DE4C8 /* CalculatorCommands.swift */ = {isa = PBXFileReference; fileEncoding = 4; lastKnownFileType = sourcecode.swift; path = CalculatorCommands.swift; sourceTree = "<group>"; };
		AA2FAC0D272F2349006DE4C8 /* OperatorStack.swift */ = {isa = PBXFileReference; fileEncoding = 4; lastKnownFileType = sourcecode.swift; path = OperatorStack.swift; sourceTree = "<group>"; };
		AA32853A297248B800D86CB4 /* ViewModel.swift */ = {isa = PBXFileReference; lastKnownFileType = sourcecode.swift; path = ViewModel.swift; sourceTree = "<group>"; };
		AA32853C29724D5700D86CB4 /* FlexibleNavigation.swift */ = {isa = PBXFileReference; lastKnownFileType = sourcecode.swift; path = FlexibleNavigation.swift; sourceTree = "<group>"; };
		AA370C2C293352960041AE4E /* Extensions.swift */ = {isa = PBXFileReference; fileEncoding = 4; lastKnownFileType = sourcecode.swift; path = Extensions.swift; sourceTree = "<group>"; };
		AA370C30293352D60041AE4E /* Key.swift */ = {isa = PBXFileReference; fileEncoding = 4; lastKnownFileType = sourcecode.swift; path = Key.swift; sourceTree = "<group>"; };
		AA3FB8262920E0E5002ECCEB /* Settings.swift */ = {isa = PBXFileReference; lastKnownFileType = sourcecode.swift; path = Settings.swift; sourceTree = "<group>"; };
		AA510C7B29B470B7009368FC /* BrainTests.swift */ = {isa = PBXFileReference; lastKnownFileType = sourcecode.swift; path = BrainTests.swift; sourceTree = "<group>"; };
		AA6577F42935B90D00DA98E7 /* TODOs.rtf */ = {isa = PBXFileReference; lastKnownFileType = text.rtf; path = TODOs.rtf; sourceTree = "<group>"; };
		AA672B09295189950044DC08 /* ScrollViewConditionalAnimation.swift */ = {isa = PBXFileReference; lastKnownFileType = sourcecode.swift; path = ScrollViewConditionalAnimation.swift; sourceTree = "<group>"; };
		AA689124295E681400129593 /* Brain.swift */ = {isa = PBXFileReference; lastKnownFileType = sourcecode.swift; path = Brain.swift; sourceTree = "<group>"; };
		AA6CE7062945C1D4002BB5FE /* Store.swift */ = {isa = PBXFileReference; lastKnownFileType = sourcecode.swift; path = Store.swift; sourceTree = "<group>"; };
		AA6CE7082945C25E002BB5FE /* Calculator.storekit */ = {isa = PBXFileReference; lastKnownFileType = text; path = Calculator.storekit; sourceTree = "<group>"; };
		AA6CE7092945CC5C002BB5FE /* Test.storekit */ = {isa = PBXFileReference; lastKnownFileType = text; path = Test.storekit; sourceTree = "<group>"; };
		AA6CE70B2945CE0A002BB5FE /* PurchaseView.swift */ = {isa = PBXFileReference; lastKnownFileType = sourcecode.swift; path = PurchaseView.swift; sourceTree = "<group>"; };
		AA6D79D72957FCB900AF7E13 /* LandscapeDisplay.swift */ = {isa = PBXFileReference; lastKnownFileType = sourcecode.swift; path = LandscapeDisplay.swift; sourceTree = "<group>"; };
		AA8453E7294D872300A50B74 /* Icons.swift */ = {isa = PBXFileReference; lastKnownFileType = sourcecode.swift; path = Icons.swift; sourceTree = "<group>"; };
		AA92B4C229250827005E43F0 /* ColoredStepper.swift */ = {isa = PBXFileReference; lastKnownFileType = sourcecode.swift; path = ColoredStepper.swift; sourceTree = "<group>"; };
		AA92B4C429266CC1005E43F0 /* ThreeDots.swift */ = {isa = PBXFileReference; lastKnownFileType = sourcecode.swift; path = ThreeDots.swift; sourceTree = "<group>"; };
		AA92B4C829273A58005E43F0 /* Calculator.swift */ = {isa = PBXFileReference; lastKnownFileType = sourcecode.swift; path = Calculator.swift; sourceTree = "<group>"; };
		AAB10B94292A2222004707E9 /* Label.swift */ = {isa = PBXFileReference; fileEncoding = 4; lastKnownFileType = sourcecode.swift; path = Label.swift; sourceTree = "<group>"; };
		AAB10B96292A2222004707E9 /* NonScientificKeyboard.swift */ = {isa = PBXFileReference; fileEncoding = 4; lastKnownFileType = sourcecode.swift; path = NonScientificKeyboard.swift; sourceTree = "<group>"; };
		AABCF8B9292B8818007E5C35 /* ScientificKeyboard.swift */ = {isa = PBXFileReference; lastKnownFileType = sourcecode.swift; path = ScientificKeyboard.swift; sourceTree = "<group>"; };
		AABEFC122972A8780023A3C9 /* KeyColor.swift */ = {isa = PBXFileReference; lastKnownFileType = sourcecode.swift; path = KeyColor.swift; sourceTree = "<group>"; };
		AAE426F629597AE3005FE365 /* Screen.swift */ = {isa = PBXFileReference; lastKnownFileType = sourcecode.swift; path = Screen.swift; sourceTree = "<group>"; };
/* End PBXFileReference section */

/* Begin PBXFrameworksBuildPhase section */
		AA050D54296BECD500A55498 /* Frameworks */ = {
			isa = PBXFrameworksBuildPhase;
			buildActionMask = 2147483647;
			files = (
			);
			runOnlyForDeploymentPostprocessing = 0;
		};
		AA08C7BB272EDA48001B8575 /* Frameworks */ = {
			isa = PBXFrameworksBuildPhase;
			buildActionMask = 2147483647;
			files = (
				AA03B1F2298F639100A7837A /* gmp.xcframework in Frameworks */,
				AA2FABEB272F2135006DE4C8 /* mpfr.xcframework in Frameworks */,
			);
			runOnlyForDeploymentPostprocessing = 0;
		};
		AA08C7CB272EDA4A001B8575 /* Frameworks */ = {
			isa = PBXFrameworksBuildPhase;
			buildActionMask = 2147483647;
			files = (
			);
			runOnlyForDeploymentPostprocessing = 0;
		};
		AA0CE3C5298CBFAF0057D0D8 /* Frameworks */ = {
			isa = PBXFrameworksBuildPhase;
			buildActionMask = 2147483647;
			files = (
			);
			runOnlyForDeploymentPostprocessing = 0;
		};
/* End PBXFrameworksBuildPhase section */

/* Begin PBXGroup section */
		AA050D58296BECD500A55498 /* Calculator_UITests */ = {
			isa = PBXGroup;
			children = (
				AA050D59296BECD500A55498 /* Calculator_UITests.swift */,
				AA050D5B296BECD500A55498 /* Calculator_UITestsLaunchTests.swift */,
			);
			path = Calculator_UITests;
			sourceTree = "<group>";
		};
		AA08C7B5272EDA48001B8575 = {
			isa = PBXGroup;
			children = (
				AA08C7EB272F1241001B8575 /* Calculator.entitlements */,
				AA08C7C0272EDA48001B8575 /* Calculator */,
				AA08C7D1272EDA4A001B8575 /* CalculatorTests */,
				AA050D58296BECD500A55498 /* Calculator_UITests */,
				AA0CE3C9298CBFAF0057D0D8 /* CalculatorMac */,
				AA08C7BF272EDA48001B8575 /* Products */,
				AA2FABE9272F2135006DE4C8 /* Frameworks */,
			);
			sourceTree = "<group>";
		};
		AA08C7BF272EDA48001B8575 /* Products */ = {
			isa = PBXGroup;
			children = (
				AA08C7BE272EDA48001B8575 /* Better Calc.app */,
				AA08C7CE272EDA4A001B8575 /* CalculatorTests.xctest */,
				AA050D57296BECD500A55498 /* Calculator_UITests.xctest */,
				AA0CE3C8298CBFAF0057D0D8 /* Calculator.app */,
			);
			name = Products;
			sourceTree = "<group>";
		};
		AA08C7C0272EDA48001B8575 /* Calculator */ = {
			isa = PBXGroup;
			children = (
				AA1B007B294772980054C851 /* Brain */,
				AA2FABFF272F2348006DE4C8 /* CalculatorApp.swift */,
				AA03B1ED298D535800A7837A /* CalculatorAppMac.swift */,
				AA32853A297248B800D86CB4 /* ViewModel.swift */,
				AA92B4C829273A58005E43F0 /* Calculator.swift */,
				AAE426F629597AE3005FE365 /* Screen.swift */,
				AA6CE7062945C1D4002BB5FE /* Store.swift */,
				AA01B9D32957E44300617AFB /* Display.swift */,
				AA29F589293CD608001ADF5A /* PortraitDisplay.swift */,
				AABCF8B9292B8818007E5C35 /* ScientificKeyboard.swift */,
				AAB10B96292A2222004707E9 /* NonScientificKeyboard.swift */,
				AA370C30293352D60041AE4E /* Key.swift */,
				AA92B4C429266CC1005E43F0 /* ThreeDots.swift */,
				AA6D79D72957FCB900AF7E13 /* LandscapeDisplay.swift */,
				AA8453E7294D872300A50B74 /* Icons.swift */,
				AA672B09295189950044DC08 /* ScrollViewConditionalAnimation.swift */,
				AA6CE70B2945CE0A002BB5FE /* PurchaseView.swift */,
				AA32853C29724D5700D86CB4 /* FlexibleNavigation.swift */,
				AABEFC122972A8780023A3C9 /* KeyColor.swift */,
				AA370C2C293352960041AE4E /* Extensions.swift */,
				AA3FB8262920E0E5002ECCEB /* Settings.swift */,
				AAB10B94292A2222004707E9 /* Label.swift */,
				AA92B4C229250827005E43F0 /* ColoredStepper.swift */,
				AA2FABFC272F2348006DE4C8 /* Calculator.entitlements */,
				AA2FAC04272F2348006DE4C8 /* CalculatorCommands.swift */,
				AA08C7EC272F1572001B8575 /* Info.plist */,
				AA08C7C5272EDA4A001B8575 /* Assets.xcassets */,
				AA08C7C7272EDA4A001B8575 /* Preview Content */,
				AA6577F42935B90D00DA98E7 /* TODOs.rtf */,
				AA6CE7082945C25E002BB5FE /* Calculator.storekit */,
				AA6CE7092945CC5C002BB5FE /* Test.storekit */,
			);
			path = Calculator;
			sourceTree = "<group>";
		};
		AA08C7C7272EDA4A001B8575 /* Preview Content */ = {
			isa = PBXGroup;
			children = (
				AA08C7C8272EDA4A001B8575 /* Preview Assets.xcassets */,
			);
			path = "Preview Content";
			sourceTree = "<group>";
		};
		AA08C7D1272EDA4A001B8575 /* CalculatorTests */ = {
			isa = PBXGroup;
			children = (
				AA08C7D2272EDA4A001B8575 /* DisplayTests.swift */,
				AA510C7B29B470B7009368FC /* BrainTests.swift */,
			);
			path = CalculatorTests;
			sourceTree = "<group>";
		};
		AA0CE3C9298CBFAF0057D0D8 /* CalculatorMac */ = {
			isa = PBXGroup;
			children = (
				AA0CE3CE298CBFB00057D0D8 /* Assets.xcassets */,
				AA0CE3D3298CBFB00057D0D8 /* CalculatorMac.entitlements */,
				AA0CE3D0298CBFB00057D0D8 /* Preview Content */,
			);
			path = CalculatorMac;
			sourceTree = "<group>";
		};
		AA0CE3D0298CBFB00057D0D8 /* Preview Content */ = {
			isa = PBXGroup;
			children = (
				AA0CE3D1298CBFB00057D0D8 /* Preview Assets.xcassets */,
			);
			path = "Preview Content";
			sourceTree = "<group>";
		};
		AA1B007B294772980054C851 /* Brain */ = {
			isa = PBXGroup;
			children = (
				AA1B007D294777180054C851 /* bridge.h */,
				AA1B007C294777180054C851 /* gmp.h */,
				AA1B007F294777190054C851 /* mpf2mpfr.h */,
				AA1B007E294777190054C851 /* mpfr.h */,
				AA2FABF1272F217F006DE4C8 /* Gmp.swift */,
				AA2FABF8272F2348006DE4C8 /* Number.swift */,
				AA2FABFB272F2348006DE4C8 /* NumberStack.swift */,
				AA2FAC0D272F2349006DE4C8 /* OperatorStack.swift */,
				AA689124295E681400129593 /* Brain.swift */,
				AA2FAC01272F2348006DE4C8 /* BrainEngine.swift */,
			);
			name = Brain;
			sourceTree = "<group>";
		};
		AA2FABE9272F2135006DE4C8 /* Frameworks */ = {
			isa = PBXGroup;
			children = (
				AA2FABEE272F2141006DE4C8 /* gmp.xcframework */,
				AA2FABEA272F2135006DE4C8 /* mpfr.xcframework */,
			);
			name = Frameworks;
			sourceTree = "<group>";
		};
/* End PBXGroup section */

/* Begin PBXNativeTarget section */
		AA050D56296BECD500A55498 /* Calculator_UITests */ = {
			isa = PBXNativeTarget;
			buildConfigurationList = AA050D61296BECD500A55498 /* Build configuration list for PBXNativeTarget "Calculator_UITests" */;
			buildPhases = (
				AA050D53296BECD500A55498 /* Sources */,
				AA050D54296BECD500A55498 /* Frameworks */,
				AA050D55296BECD500A55498 /* Resources */,
			);
			buildRules = (
			);
			dependencies = (
				AA050D5E296BECD500A55498 /* PBXTargetDependency */,
			);
			name = Calculator_UITests;
			productName = Calculator_UITests;
			productReference = AA050D57296BECD500A55498 /* Calculator_UITests.xctest */;
			productType = "com.apple.product-type.bundle.ui-testing";
		};
		AA08C7BD272EDA48001B8575 /* Calculator */ = {
			isa = PBXNativeTarget;
			buildConfigurationList = AA08C7E2272EDA4A001B8575 /* Build configuration list for PBXNativeTarget "Calculator" */;
			buildPhases = (
				AA08C7BA272EDA48001B8575 /* Sources */,
				AA08C7BB272EDA48001B8575 /* Frameworks */,
				AA08C7BC272EDA48001B8575 /* Resources */,
				AA2FABED272F2136006DE4C8 /* Embed Frameworks */,
			);
			buildRules = (
			);
			dependencies = (
			);
			name = Calculator;
			productName = xx;
			productReference = AA08C7BE272EDA48001B8575 /* Better Calc.app */;
			productType = "com.apple.product-type.application";
		};
		AA08C7CD272EDA4A001B8575 /* CalculatorTests */ = {
			isa = PBXNativeTarget;
			buildConfigurationList = AA08C7E5272EDA4A001B8575 /* Build configuration list for PBXNativeTarget "CalculatorTests" */;
			buildPhases = (
				AA08C7CA272EDA4A001B8575 /* Sources */,
				AA08C7CB272EDA4A001B8575 /* Frameworks */,
				AA08C7CC272EDA4A001B8575 /* Resources */,
			);
			buildRules = (
			);
			dependencies = (
				AA08C7D0272EDA4A001B8575 /* PBXTargetDependency */,
			);
			name = CalculatorTests;
			productName = xxTests;
			productReference = AA08C7CE272EDA4A001B8575 /* CalculatorTests.xctest */;
			productType = "com.apple.product-type.bundle.unit-test";
		};
		AA0CE3C7298CBFAF0057D0D8 /* CalculatorMac */ = {
			isa = PBXNativeTarget;
			buildConfigurationList = AA0CE3D4298CBFB00057D0D8 /* Build configuration list for PBXNativeTarget "CalculatorMac" */;
			buildPhases = (
				AA0CE3C4298CBFAF0057D0D8 /* Sources */,
				AA0CE3C5298CBFAF0057D0D8 /* Frameworks */,
				AA0CE3C6298CBFAF0057D0D8 /* Resources */,
			);
			buildRules = (
			);
			dependencies = (
			);
			name = CalculatorMac;
			productName = CalculatorMac;
			productReference = AA0CE3C8298CBFAF0057D0D8 /* Calculator.app */;
			productType = "com.apple.product-type.application";
		};
/* End PBXNativeTarget section */

/* Begin PBXProject section */
		AA08C7B6272EDA48001B8575 /* Project object */ = {
			isa = PBXProject;
			attributes = {
				BuildIndependentTargetsInParallel = 1;
				LastSwiftUpdateCheck = 1420;
				LastUpgradeCheck = 1420;
				TargetAttributes = {
					AA050D56296BECD500A55498 = {
						CreatedOnToolsVersion = 14.2;
						TestTargetID = AA08C7BD272EDA48001B8575;
					};
					AA08C7BD272EDA48001B8575 = {
						CreatedOnToolsVersion = 13.1;
					};
					AA08C7CD272EDA4A001B8575 = {
						CreatedOnToolsVersion = 13.1;
						TestTargetID = AA08C7BD272EDA48001B8575;
					};
					AA0CE3C7298CBFAF0057D0D8 = {
						CreatedOnToolsVersion = 14.2;
					};
				};
			};
			buildConfigurationList = AA08C7B9272EDA48001B8575 /* Build configuration list for PBXProject "Calculator" */;
			compatibilityVersion = "Xcode 13.0";
			developmentRegion = en;
			hasScannedForEncodings = 0;
			knownRegions = (
				en,
				Base,
			);
			mainGroup = AA08C7B5272EDA48001B8575;
			productRefGroup = AA08C7BF272EDA48001B8575 /* Products */;
			projectDirPath = "";
			projectRoot = "";
			targets = (
				AA08C7BD272EDA48001B8575 /* Calculator */,
				AA08C7CD272EDA4A001B8575 /* CalculatorTests */,
				AA050D56296BECD500A55498 /* Calculator_UITests */,
				AA0CE3C7298CBFAF0057D0D8 /* CalculatorMac */,
			);
		};
/* End PBXProject section */

/* Begin PBXResourcesBuildPhase section */
		AA050D55296BECD500A55498 /* Resources */ = {
			isa = PBXResourcesBuildPhase;
			buildActionMask = 2147483647;
			files = (
			);
			runOnlyForDeploymentPostprocessing = 0;
		};
		AA08C7BC272EDA48001B8575 /* Resources */ = {
			isa = PBXResourcesBuildPhase;
			buildActionMask = 2147483647;
			files = (
				AA6CE70A2945CC5C002BB5FE /* Test.storekit in Resources */,
				AA08C7C9272EDA4A001B8575 /* Preview Assets.xcassets in Resources */,
				AA6577F52935B90D00DA98E7 /* TODOs.rtf in Resources */,
				AA08C7C6272EDA4A001B8575 /* Assets.xcassets in Resources */,
			);
			runOnlyForDeploymentPostprocessing = 0;
		};
		AA08C7CC272EDA4A001B8575 /* Resources */ = {
			isa = PBXResourcesBuildPhase;
			buildActionMask = 2147483647;
			files = (
			);
			runOnlyForDeploymentPostprocessing = 0;
		};
		AA0CE3C6298CBFAF0057D0D8 /* Resources */ = {
			isa = PBXResourcesBuildPhase;
			buildActionMask = 2147483647;
			files = (
				AA0CE3D2298CBFB00057D0D8 /* Preview Assets.xcassets in Resources */,
				AA03B1F1298E0B1E00A7837A /* Assets.xcassets in Resources */,
			);
			runOnlyForDeploymentPostprocessing = 0;
		};
/* End PBXResourcesBuildPhase section */

/* Begin PBXSourcesBuildPhase section */
		AA050D53296BECD500A55498 /* Sources */ = {
			isa = PBXSourcesBuildPhase;
			buildActionMask = 2147483647;
			files = (
				AA050D5C296BECD500A55498 /* Calculator_UITestsLaunchTests.swift in Sources */,
				AA050D5A296BECD500A55498 /* Calculator_UITests.swift in Sources */,
			);
			runOnlyForDeploymentPostprocessing = 0;
		};
		AA08C7BA272EDA48001B8575 /* Sources */ = {
			isa = PBXSourcesBuildPhase;
			buildActionMask = 2147483647;
			files = (
				AA8453E8294D872300A50B74 /* Icons.swift in Sources */,
				AA6D79D82957FCB900AF7E13 /* LandscapeDisplay.swift in Sources */,
				AA01B9D42957E44300617AFB /* Display.swift in Sources */,
				AAB10B9C292A2222004707E9 /* NonScientificKeyboard.swift in Sources */,
				AA92B4C329250827005E43F0 /* ColoredStepper.swift in Sources */,
				AA6CE7072945C1D4002BB5FE /* Store.swift in Sources */,
				AA32853B297248B800D86CB4 /* ViewModel.swift in Sources */,
				AA672B0A295189950044DC08 /* ScrollViewConditionalAnimation.swift in Sources */,
				AA2FAC0F272F2349006DE4C8 /* Number.swift in Sources */,
				AA370C2D293352960041AE4E /* Extensions.swift in Sources */,
				AA29F58A293CD608001ADF5A /* PortraitDisplay.swift in Sources */,
				AA92B4C529266CC1005E43F0 /* ThreeDots.swift in Sources */,
				AA2FAC17272F2349006DE4C8 /* BrainEngine.swift in Sources */,
				AA2FAC12272F2349006DE4C8 /* NumberStack.swift in Sources */,
				AA2FABF2272F217F006DE4C8 /* Gmp.swift in Sources */,
				AABEFC132972A8780023A3C9 /* KeyColor.swift in Sources */,
				AAB10B9A292A2222004707E9 /* Label.swift in Sources */,
				AAE426F729597AE3005FE365 /* Screen.swift in Sources */,
				AABCF8BA292B8818007E5C35 /* ScientificKeyboard.swift in Sources */,
				AA92B4C929273A58005E43F0 /* Calculator.swift in Sources */,
				AA2FAC23272F2349006DE4C8 /* OperatorStack.swift in Sources */,
				AA370C31293352D60041AE4E /* Key.swift in Sources */,
				AA6CE70C2945CE0A002BB5FE /* PurchaseView.swift in Sources */,
				AA3FB8272920E0E5002ECCEB /* Settings.swift in Sources */,
				AA2FAC15272F2349006DE4C8 /* CalculatorApp.swift in Sources */,
				AA689125295E681400129593 /* Brain.swift in Sources */,
				AA2FAC1A272F2349006DE4C8 /* CalculatorCommands.swift in Sources */,
				AA32853D29724D5700D86CB4 /* FlexibleNavigation.swift in Sources */,
			);
			runOnlyForDeploymentPostprocessing = 0;
		};
		AA08C7CA272EDA4A001B8575 /* Sources */ = {
			isa = PBXSourcesBuildPhase;
			buildActionMask = 2147483647;
			files = (
				AA510C7C29B470B7009368FC /* BrainTests.swift in Sources */,
				AA08C7D3272EDA4A001B8575 /* DisplayTests.swift in Sources */,
			);
			runOnlyForDeploymentPostprocessing = 0;
		};
		AA0CE3C4298CBFAF0057D0D8 /* Sources */ = {
			isa = PBXSourcesBuildPhase;
			buildActionMask = 2147483647;
			files = (
				AA0CE3DA298CC0D50057D0D8 /* Store.swift in Sources */,
				AA0CE3E6298CC4130057D0D8 /* ThreeDots.swift in Sources */,
				AA0CE3F3298CF9FB0057D0D8 /* Settings.swift in Sources */,
				AA0CE3E7298CC4530057D0D8 /* LandscapeDisplay.swift in Sources */,
				AA0CE3EF298CC4CB0057D0D8 /* NumberStack.swift in Sources */,
				AA0CE3EA298CC4720057D0D8 /* PurchaseView.swift in Sources */,
				473973BA29DA0EFE00378A69 /* CalculatorAppMac.swift in Sources */,
				AA0CE3ED298CC4C30057D0D8 /* Brain.swift in Sources */,
				AA0CE3F4298CFA100057D0D8 /* ColoredStepper.swift in Sources */,
				AA0CE3E3298CC3980057D0D8 /* OperatorStack.swift in Sources */,
				AA0CE3E8298CC45C0057D0D8 /* Icons.swift in Sources */,
				AA0CE3E0298CC3370057D0D8 /* Key.swift in Sources */,
				AA0CE3DC298CC1E60057D0D8 /* Display.swift in Sources */,
				AA0CE3E2298CC3770057D0D8 /* Gmp.swift in Sources */,
				AA0CE3EB298CC4890057D0D8 /* FlexibleNavigation.swift in Sources */,
				AA0CE3DD298CC31C0057D0D8 /* PortraitDisplay.swift in Sources */,
				AA0CE3D8298CC0BA0057D0D8 /* Calculator.swift in Sources */,
				AA0CE3DE298CC32A0057D0D8 /* ScientificKeyboard.swift in Sources */,
				AA0CE3E1298CC36E0057D0D8 /* Number.swift in Sources */,
				AA0CE3DF298CC32A0057D0D8 /* NonScientificKeyboard.swift in Sources */,
				AA0CE3E9298CC4680057D0D8 /* ScrollViewConditionalAnimation.swift in Sources */,
				AA0CE3F2298CF8D10057D0D8 /* Extensions.swift in Sources */,
				AA0CE3DB298CC0E40057D0D8 /* ViewModel.swift in Sources */,
				AA0CE3EC298CC4B90057D0D8 /* KeyColor.swift in Sources */,
				AA0CE3D9298CC0C40057D0D8 /* Screen.swift in Sources */,
				AA0CE3F5298CFD090057D0D8 /* Label.swift in Sources */,
				AA0CE3EE298CC4C70057D0D8 /* BrainEngine.swift in Sources */,
			);
			runOnlyForDeploymentPostprocessing = 0;
		};
/* End PBXSourcesBuildPhase section */

/* Begin PBXTargetDependency section */
		AA050D5E296BECD500A55498 /* PBXTargetDependency */ = {
			isa = PBXTargetDependency;
			target = AA08C7BD272EDA48001B8575 /* Calculator */;
			targetProxy = AA050D5D296BECD500A55498 /* PBXContainerItemProxy */;
		};
		AA08C7D0272EDA4A001B8575 /* PBXTargetDependency */ = {
			isa = PBXTargetDependency;
			target = AA08C7BD272EDA48001B8575 /* Calculator */;
			targetProxy = AA08C7CF272EDA4A001B8575 /* PBXContainerItemProxy */;
		};
/* End PBXTargetDependency section */

/* Begin XCBuildConfiguration section */
		AA050D5F296BECD500A55498 /* Debug */ = {
			isa = XCBuildConfiguration;
			buildSettings = {
				CLANG_CXX_LANGUAGE_STANDARD = "gnu++20";
				CODE_SIGN_STYLE = Automatic;
				CURRENT_PROJECT_VERSION = 1;
				DEVELOPMENT_TEAM = 8A4DL788W9;
				GENERATE_INFOPLIST_FILE = YES;
				IPHONEOS_DEPLOYMENT_TARGET = 16.2;
				MARKETING_VERSION = 1.0;
				PRODUCT_BUNDLE_IDENTIFIER = "com.joachimneumann.Calculator-UITests";
				PRODUCT_NAME = "$(TARGET_NAME)";
				SWIFT_EMIT_LOC_STRINGS = NO;
				SWIFT_VERSION = 5.0;
				TARGETED_DEVICE_FAMILY = "1,2";
				TEST_TARGET_NAME = Calculator;
			};
			name = Debug;
		};
		AA050D60296BECD500A55498 /* Release */ = {
			isa = XCBuildConfiguration;
			buildSettings = {
				CLANG_CXX_LANGUAGE_STANDARD = "gnu++20";
				CODE_SIGN_STYLE = Automatic;
				CURRENT_PROJECT_VERSION = 1;
				DEVELOPMENT_TEAM = 8A4DL788W9;
				GENERATE_INFOPLIST_FILE = YES;
				IPHONEOS_DEPLOYMENT_TARGET = 16.2;
				MARKETING_VERSION = 1.0;
				PRODUCT_BUNDLE_IDENTIFIER = "com.joachimneumann.Calculator-UITests";
				PRODUCT_NAME = "$(TARGET_NAME)";
				SWIFT_EMIT_LOC_STRINGS = NO;
				SWIFT_VERSION = 5.0;
				TARGETED_DEVICE_FAMILY = "1,2";
				TEST_TARGET_NAME = Calculator;
			};
			name = Release;
		};
		AA08C7E0272EDA4A001B8575 /* Debug */ = {
			isa = XCBuildConfiguration;
			buildSettings = {
				ALWAYS_SEARCH_USER_PATHS = NO;
				CLANG_ANALYZER_NONNULL = YES;
				CLANG_ANALYZER_NUMBER_OBJECT_CONVERSION = YES_AGGRESSIVE;
				CLANG_CXX_LANGUAGE_STANDARD = "gnu++17";
				CLANG_CXX_LIBRARY = "libc++";
				CLANG_ENABLE_MODULES = YES;
				CLANG_ENABLE_OBJC_ARC = YES;
				CLANG_ENABLE_OBJC_WEAK = YES;
				CLANG_WARN_BLOCK_CAPTURE_AUTORELEASING = YES;
				CLANG_WARN_BOOL_CONVERSION = YES;
				CLANG_WARN_COMMA = YES;
				CLANG_WARN_CONSTANT_CONVERSION = YES;
				CLANG_WARN_DEPRECATED_OBJC_IMPLEMENTATIONS = YES;
				CLANG_WARN_DIRECT_OBJC_ISA_USAGE = YES_ERROR;
				CLANG_WARN_DOCUMENTATION_COMMENTS = YES;
				CLANG_WARN_EMPTY_BODY = YES;
				CLANG_WARN_ENUM_CONVERSION = YES;
				CLANG_WARN_INFINITE_RECURSION = YES;
				CLANG_WARN_INT_CONVERSION = YES;
				CLANG_WARN_NON_LITERAL_NULL_CONVERSION = YES;
				CLANG_WARN_OBJC_IMPLICIT_RETAIN_SELF = YES;
				CLANG_WARN_OBJC_LITERAL_CONVERSION = YES;
				CLANG_WARN_OBJC_ROOT_CLASS = YES_ERROR;
				CLANG_WARN_QUOTED_INCLUDE_IN_FRAMEWORK_HEADER = YES;
				CLANG_WARN_RANGE_LOOP_ANALYSIS = YES;
				CLANG_WARN_STRICT_PROTOTYPES = YES;
				CLANG_WARN_SUSPICIOUS_MOVE = YES;
				CLANG_WARN_UNGUARDED_AVAILABILITY = YES_AGGRESSIVE;
				CLANG_WARN_UNREACHABLE_CODE = YES;
				CLANG_WARN__DUPLICATE_METHOD_MATCH = YES;
				COPY_PHASE_STRIP = NO;
				DEBUG_INFORMATION_FORMAT = dwarf;
				ENABLE_STRICT_OBJC_MSGSEND = YES;
				ENABLE_TESTABILITY = YES;
				GCC_C_LANGUAGE_STANDARD = gnu11;
				GCC_DYNAMIC_NO_PIC = NO;
				GCC_NO_COMMON_BLOCKS = YES;
				GCC_OPTIMIZATION_LEVEL = 0;
				GCC_PREPROCESSOR_DEFINITIONS = (
					"DEBUG=1",
					"$(inherited)",
				);
				GCC_WARN_64_TO_32_BIT_CONVERSION = YES;
				GCC_WARN_ABOUT_RETURN_TYPE = YES_ERROR;
				GCC_WARN_UNDECLARED_SELECTOR = YES;
				GCC_WARN_UNINITIALIZED_AUTOS = YES_AGGRESSIVE;
				GCC_WARN_UNUSED_FUNCTION = YES;
				GCC_WARN_UNUSED_VARIABLE = YES;
				IPHONEOS_DEPLOYMENT_TARGET = 15.0;
				MACOSX_DEPLOYMENT_TARGET = 12.0;
				MTL_ENABLE_DEBUG_INFO = INCLUDE_SOURCE;
				MTL_FAST_MATH = YES;
				ONLY_ACTIVE_ARCH = YES;
				SDKROOT = iphoneos;
				SWIFT_ACTIVE_COMPILATION_CONDITIONS = DEBUG;
				SWIFT_OPTIMIZATION_LEVEL = "-Onone";
			};
			name = Debug;
		};
		AA08C7E1272EDA4A001B8575 /* Release */ = {
			isa = XCBuildConfiguration;
			buildSettings = {
				ALWAYS_SEARCH_USER_PATHS = NO;
				CLANG_ANALYZER_NONNULL = YES;
				CLANG_ANALYZER_NUMBER_OBJECT_CONVERSION = YES_AGGRESSIVE;
				CLANG_CXX_LANGUAGE_STANDARD = "gnu++17";
				CLANG_CXX_LIBRARY = "libc++";
				CLANG_ENABLE_MODULES = YES;
				CLANG_ENABLE_OBJC_ARC = YES;
				CLANG_ENABLE_OBJC_WEAK = YES;
				CLANG_WARN_BLOCK_CAPTURE_AUTORELEASING = YES;
				CLANG_WARN_BOOL_CONVERSION = YES;
				CLANG_WARN_COMMA = YES;
				CLANG_WARN_CONSTANT_CONVERSION = YES;
				CLANG_WARN_DEPRECATED_OBJC_IMPLEMENTATIONS = YES;
				CLANG_WARN_DIRECT_OBJC_ISA_USAGE = YES_ERROR;
				CLANG_WARN_DOCUMENTATION_COMMENTS = YES;
				CLANG_WARN_EMPTY_BODY = YES;
				CLANG_WARN_ENUM_CONVERSION = YES;
				CLANG_WARN_INFINITE_RECURSION = YES;
				CLANG_WARN_INT_CONVERSION = YES;
				CLANG_WARN_NON_LITERAL_NULL_CONVERSION = YES;
				CLANG_WARN_OBJC_IMPLICIT_RETAIN_SELF = YES;
				CLANG_WARN_OBJC_LITERAL_CONVERSION = YES;
				CLANG_WARN_OBJC_ROOT_CLASS = YES_ERROR;
				CLANG_WARN_QUOTED_INCLUDE_IN_FRAMEWORK_HEADER = YES;
				CLANG_WARN_RANGE_LOOP_ANALYSIS = YES;
				CLANG_WARN_STRICT_PROTOTYPES = YES;
				CLANG_WARN_SUSPICIOUS_MOVE = YES;
				CLANG_WARN_UNGUARDED_AVAILABILITY = YES_AGGRESSIVE;
				CLANG_WARN_UNREACHABLE_CODE = YES;
				CLANG_WARN__DUPLICATE_METHOD_MATCH = YES;
				COPY_PHASE_STRIP = NO;
				DEBUG_INFORMATION_FORMAT = "dwarf-with-dsym";
				ENABLE_NS_ASSERTIONS = NO;
				ENABLE_STRICT_OBJC_MSGSEND = YES;
				GCC_C_LANGUAGE_STANDARD = gnu11;
				GCC_NO_COMMON_BLOCKS = YES;
				GCC_WARN_64_TO_32_BIT_CONVERSION = YES;
				GCC_WARN_ABOUT_RETURN_TYPE = YES_ERROR;
				GCC_WARN_UNDECLARED_SELECTOR = YES;
				GCC_WARN_UNINITIALIZED_AUTOS = YES_AGGRESSIVE;
				GCC_WARN_UNUSED_FUNCTION = YES;
				GCC_WARN_UNUSED_VARIABLE = YES;
				IPHONEOS_DEPLOYMENT_TARGET = 15.0;
				MACOSX_DEPLOYMENT_TARGET = 12.0;
				MTL_ENABLE_DEBUG_INFO = NO;
				MTL_FAST_MATH = YES;
				ONLY_ACTIVE_ARCH = YES;
				SDKROOT = iphoneos;
				SWIFT_COMPILATION_MODE = wholemodule;
				SWIFT_OPTIMIZATION_LEVEL = "-O";
				VALIDATE_PRODUCT = YES;
			};
			name = Release;
		};
		AA08C7E3272EDA4A001B8575 /* Debug */ = {
			isa = XCBuildConfiguration;
			buildSettings = {
				ASSETCATALOG_COMPILER_APPICON_NAME = AppIcon;
				ASSETCATALOG_COMPILER_GLOBAL_ACCENT_COLOR_NAME = AccentColor;
				ASSETCATALOG_COMPILER_INCLUDE_ALL_APPICON_ASSETS = NO;
				CODE_SIGN_ENTITLEMENTS = Calculator.entitlements;
				CODE_SIGN_STYLE = Automatic;
				CURRENT_PROJECT_VERSION = 22;
				DEVELOPMENT_ASSET_PATHS = "\"Calculator/Preview Content\"";
				DEVELOPMENT_TEAM = 6389FT2N69;
				ENABLE_PREVIEWS = YES;
				GENERATE_INFOPLIST_FILE = YES;
				INFOPLIST_FILE = Calculator/Info.plist;
				INFOPLIST_KEY_CFBundleDisplayName = HighPrecision;
				INFOPLIST_KEY_LSApplicationCategoryType = "public.app-category.utilities";
				INFOPLIST_KEY_UIApplicationSceneManifest_Generation = YES;
				INFOPLIST_KEY_UIApplicationSupportsIndirectInputEvents = YES;
				INFOPLIST_KEY_UILaunchScreen_Generation = YES;
				INFOPLIST_KEY_UIRequiresFullScreen = YES;
				INFOPLIST_KEY_UIStatusBarHidden = NO;
				INFOPLIST_KEY_UISupportedInterfaceOrientations = "UIInterfaceOrientationLandscapeLeft UIInterfaceOrientationLandscapeRight UIInterfaceOrientationPortrait";
				INFOPLIST_KEY_UISupportedInterfaceOrientations_iPad = "UIInterfaceOrientationLandscapeLeft UIInterfaceOrientationLandscapeRight UIInterfaceOrientationPortrait UIInterfaceOrientationPortraitUpsideDown";
				IPHONEOS_DEPLOYMENT_TARGET = 15.0;
				LD_RUNPATH_SEARCH_PATHS = (
					"$(inherited)",
					"@executable_path/Frameworks",
				);
				MARKETING_VERSION = 4.1;
				PRODUCT_BUNDLE_IDENTIFIER = com.joachimneumann.gmpcalculator;
				PRODUCT_NAME = "Better Calc";
				SUPPORTED_PLATFORMS = "iphoneos iphonesimulator";
				SUPPORTS_MACCATALYST = YES;
				SUPPORTS_MAC_DESIGNED_FOR_IPHONE_IPAD = NO;
				SWIFT_EMIT_LOC_STRINGS = YES;
				SWIFT_ENFORCE_EXCLUSIVE_ACCESS = off;
				SWIFT_OBJC_BRIDGING_HEADER = dist/include/bridge.h;
				SWIFT_VERSION = 5.0;
				TARGETED_DEVICE_FAMILY = "1,2,6";
			};
			name = Debug;
		};
		AA08C7E4272EDA4A001B8575 /* Release */ = {
			isa = XCBuildConfiguration;
			buildSettings = {
				ASSETCATALOG_COMPILER_APPICON_NAME = AppIcon;
				ASSETCATALOG_COMPILER_GLOBAL_ACCENT_COLOR_NAME = AccentColor;
				ASSETCATALOG_COMPILER_INCLUDE_ALL_APPICON_ASSETS = NO;
				CODE_SIGN_ENTITLEMENTS = Calculator.entitlements;
				CODE_SIGN_STYLE = Automatic;
				CURRENT_PROJECT_VERSION = 22;
				DEVELOPMENT_ASSET_PATHS = "\"Calculator/Preview Content\"";
				DEVELOPMENT_TEAM = 6389FT2N69;
				ENABLE_PREVIEWS = YES;
				GENERATE_INFOPLIST_FILE = YES;
				INFOPLIST_FILE = Calculator/Info.plist;
				INFOPLIST_KEY_CFBundleDisplayName = HighPrecision;
				INFOPLIST_KEY_LSApplicationCategoryType = "public.app-category.utilities";
				INFOPLIST_KEY_UIApplicationSceneManifest_Generation = YES;
				INFOPLIST_KEY_UIApplicationSupportsIndirectInputEvents = YES;
				INFOPLIST_KEY_UILaunchScreen_Generation = YES;
				INFOPLIST_KEY_UIRequiresFullScreen = YES;
				INFOPLIST_KEY_UIStatusBarHidden = NO;
				INFOPLIST_KEY_UISupportedInterfaceOrientations = "UIInterfaceOrientationLandscapeLeft UIInterfaceOrientationLandscapeRight UIInterfaceOrientationPortrait";
				INFOPLIST_KEY_UISupportedInterfaceOrientations_iPad = "UIInterfaceOrientationLandscapeLeft UIInterfaceOrientationLandscapeRight UIInterfaceOrientationPortrait UIInterfaceOrientationPortraitUpsideDown";
				IPHONEOS_DEPLOYMENT_TARGET = 15.0;
				LD_RUNPATH_SEARCH_PATHS = (
					"$(inherited)",
					"@executable_path/Frameworks",
				);
				MARKETING_VERSION = 4.1;
				PRODUCT_BUNDLE_IDENTIFIER = com.joachimneumann.gmpcalculator;
				PRODUCT_NAME = "Better Calc";
				SUPPORTED_PLATFORMS = "iphoneos iphonesimulator";
				SUPPORTS_MACCATALYST = YES;
				SUPPORTS_MAC_DESIGNED_FOR_IPHONE_IPAD = NO;
				SWIFT_EMIT_LOC_STRINGS = YES;
				SWIFT_ENFORCE_EXCLUSIVE_ACCESS = off;
				SWIFT_OBJC_BRIDGING_HEADER = dist/include/bridge.h;
				SWIFT_VERSION = 5.0;
				TARGETED_DEVICE_FAMILY = "1,2,6";
			};
			name = Release;
		};
		AA08C7E6272EDA4A001B8575 /* Debug */ = {
			isa = XCBuildConfiguration;
			buildSettings = {
				ALWAYS_EMBED_SWIFT_STANDARD_LIBRARIES = YES;
				BUNDLE_LOADER = "$(TEST_HOST)";
				CODE_SIGN_STYLE = Automatic;
				CURRENT_PROJECT_VERSION = 1;
				DEVELOPMENT_TEAM = 8A4DL788W9;
				GENERATE_INFOPLIST_FILE = YES;
				IPHONEOS_DEPLOYMENT_TARGET = 16.2;
				LD_RUNPATH_SEARCH_PATHS = (
					"$(inherited)",
					"@executable_path/Frameworks",
					"@loader_path/Frameworks",
				);
				MARKETING_VERSION = 1.0;
				PRODUCT_BUNDLE_IDENTIFIER = com.joachimneumann.xxTests;
				PRODUCT_NAME = "$(TARGET_NAME)";
				SWIFT_EMIT_LOC_STRINGS = NO;
				SWIFT_VERSION = 5.0;
				TARGETED_DEVICE_FAMILY = "1,2";
				TEST_HOST = "$(BUILT_PRODUCTS_DIR)/Better Calc.app/Better Calc";
			};
			name = Debug;
		};
		AA08C7E7272EDA4A001B8575 /* Release */ = {
			isa = XCBuildConfiguration;
			buildSettings = {
				ALWAYS_EMBED_SWIFT_STANDARD_LIBRARIES = YES;
				BUNDLE_LOADER = "$(TEST_HOST)";
				CODE_SIGN_STYLE = Automatic;
				CURRENT_PROJECT_VERSION = 1;
				DEVELOPMENT_TEAM = 8A4DL788W9;
				GENERATE_INFOPLIST_FILE = YES;
				IPHONEOS_DEPLOYMENT_TARGET = 16.2;
				LD_RUNPATH_SEARCH_PATHS = (
					"$(inherited)",
					"@executable_path/Frameworks",
					"@loader_path/Frameworks",
				);
				MARKETING_VERSION = 1.0;
				PRODUCT_BUNDLE_IDENTIFIER = com.joachimneumann.xxTests;
				PRODUCT_NAME = "$(TARGET_NAME)";
				SWIFT_EMIT_LOC_STRINGS = NO;
				SWIFT_VERSION = 5.0;
				TARGETED_DEVICE_FAMILY = "1,2";
				TEST_HOST = "$(BUILT_PRODUCTS_DIR)/Better Calc.app/Better Calc";
			};
			name = Release;
		};
		AA0CE3D5298CBFB00057D0D8 /* Debug */ = {
			isa = XCBuildConfiguration;
			buildSettings = {
				ASSETCATALOG_COMPILER_APPICON_NAME = AppIcon;
				ASSETCATALOG_COMPILER_GLOBAL_ACCENT_COLOR_NAME = AccentColor;
				CLANG_CXX_LANGUAGE_STANDARD = "gnu++20";
				CODE_SIGN_ENTITLEMENTS = CalculatorMac/CalculatorMac.entitlements;
				CODE_SIGN_IDENTITY = "-";
				CODE_SIGN_STYLE = Automatic;
				COMBINE_HIDPI_IMAGES = YES;
				CURRENT_PROJECT_VERSION = 1;
				DEAD_CODE_STRIPPING = YES;
				DEVELOPMENT_ASSET_PATHS = "\"CalculatorMac/Preview Content\"";
				DEVELOPMENT_TEAM = 8A4DL788W9;
				ENABLE_HARDENED_RUNTIME = YES;
				ENABLE_PREVIEWS = YES;
				GENERATE_INFOPLIST_FILE = YES;
				INFOPLIST_KEY_CFBundleDisplayName = HighPrecision;
				INFOPLIST_KEY_LSApplicationCategoryType = "public.app-category.utilities";
				INFOPLIST_KEY_NSHumanReadableCopyright = "";
				LD_RUNPATH_SEARCH_PATHS = (
					"$(inherited)",
					"@executable_path/../Frameworks",
				);
				MACOSX_DEPLOYMENT_TARGET = 13.1;
				MARKETING_VERSION = 4.1;
				ONLY_ACTIVE_ARCH = NO;
				PRODUCT_BUNDLE_IDENTIFIER = com.joachimneumann.CalculatorMac;
				PRODUCT_NAME = Calculator;
				SDKROOT = macosx;
				SWIFT_EMIT_LOC_STRINGS = YES;
				SWIFT_ENFORCE_EXCLUSIVE_ACCESS = off;
				SWIFT_OBJC_BRIDGING_HEADER = dist/include/bridge.h;
				SWIFT_VERSION = 5.0;
			};
			name = Debug;
		};
		AA0CE3D6298CBFB00057D0D8 /* Release */ = {
			isa = XCBuildConfiguration;
			buildSettings = {
				ASSETCATALOG_COMPILER_APPICON_NAME = AppIcon;
				ASSETCATALOG_COMPILER_GLOBAL_ACCENT_COLOR_NAME = AccentColor;
				CLANG_CXX_LANGUAGE_STANDARD = "gnu++20";
				CODE_SIGN_ENTITLEMENTS = CalculatorMac/CalculatorMac.entitlements;
				CODE_SIGN_IDENTITY = "-";
				CODE_SIGN_STYLE = Automatic;
				COMBINE_HIDPI_IMAGES = YES;
				CURRENT_PROJECT_VERSION = 1;
				DEAD_CODE_STRIPPING = YES;
				DEVELOPMENT_ASSET_PATHS = "\"CalculatorMac/Preview Content\"";
				DEVELOPMENT_TEAM = 8A4DL788W9;
				ENABLE_HARDENED_RUNTIME = YES;
				ENABLE_PREVIEWS = YES;
				GENERATE_INFOPLIST_FILE = YES;
				INFOPLIST_KEY_CFBundleDisplayName = HighPrecision;
				INFOPLIST_KEY_LSApplicationCategoryType = "public.app-category.utilities";
				INFOPLIST_KEY_NSHumanReadableCopyright = "";
				LD_RUNPATH_SEARCH_PATHS = (
					"$(inherited)",
					"@executable_path/../Frameworks",
				);
				MACOSX_DEPLOYMENT_TARGET = 13.1;
				MARKETING_VERSION = 4.1;
				ONLY_ACTIVE_ARCH = NO;
				PRODUCT_BUNDLE_IDENTIFIER = com.joachimneumann.CalculatorMac;
				PRODUCT_NAME = Calculator;
				SDKROOT = macosx;
				SWIFT_EMIT_LOC_STRINGS = YES;
				SWIFT_ENFORCE_EXCLUSIVE_ACCESS = off;
				SWIFT_OBJC_BRIDGING_HEADER = dist/include/bridge.h;
				SWIFT_VERSION = 5.0;
			};
			name = Release;
		};
/* End XCBuildConfiguration section */

/* Begin XCConfigurationList section */
		AA050D61296BECD500A55498 /* Build configuration list for PBXNativeTarget "Calculator_UITests" */ = {
			isa = XCConfigurationList;
			buildConfigurations = (
				AA050D5F296BECD500A55498 /* Debug */,
				AA050D60296BECD500A55498 /* Release */,
			);
			defaultConfigurationIsVisible = 0;
			defaultConfigurationName = Release;
		};
		AA08C7B9272EDA48001B8575 /* Build configuration list for PBXProject "Calculator" */ = {
			isa = XCConfigurationList;
			buildConfigurations = (
				AA08C7E0272EDA4A001B8575 /* Debug */,
				AA08C7E1272EDA4A001B8575 /* Release */,
			);
			defaultConfigurationIsVisible = 0;
			defaultConfigurationName = Release;
		};
		AA08C7E2272EDA4A001B8575 /* Build configuration list for PBXNativeTarget "Calculator" */ = {
			isa = XCConfigurationList;
			buildConfigurations = (
				AA08C7E3272EDA4A001B8575 /* Debug */,
				AA08C7E4272EDA4A001B8575 /* Release */,
			);
			defaultConfigurationIsVisible = 0;
			defaultConfigurationName = Release;
		};
		AA08C7E5272EDA4A001B8575 /* Build configuration list for PBXNativeTarget "CalculatorTests" */ = {
			isa = XCConfigurationList;
			buildConfigurations = (
				AA08C7E6272EDA4A001B8575 /* Debug */,
				AA08C7E7272EDA4A001B8575 /* Release */,
			);
			defaultConfigurationIsVisible = 0;
			defaultConfigurationName = Release;
		};
		AA0CE3D4298CBFB00057D0D8 /* Build configuration list for PBXNativeTarget "CalculatorMac" */ = {
			isa = XCConfigurationList;
			buildConfigurations = (
				AA0CE3D5298CBFB00057D0D8 /* Debug */,
				AA0CE3D6298CBFB00057D0D8 /* Release */,
			);
			defaultConfigurationIsVisible = 0;
			defaultConfigurationName = Release;
		};
/* End XCConfigurationList section */
	};
	rootObject = AA08C7B6272EDA48001B8575 /* Project object */;
}
