// !$*UTF8*$!
{
	archiveVersion = 1;
	classes = {
	};
	objectVersion = 55;
	objects = {

/* Begin PBXBuildFile section */
		AA2576B326F8F16600CDD8C9 /* NumberKeys.swift in Sources */ = {isa = PBXBuildFile; fileRef = AA2576B226F8F16600CDD8C9 /* NumberKeys.swift */; };
		AA40C44526F808D800119D4F /* CalculatorApp.swift in Sources */ = {isa = PBXBuildFile; fileRef = AA40C44426F808D800119D4F /* CalculatorApp.swift */; };
		AA40C44726F808D900119D4F /* CatalystContentView.swift in Sources */ = {isa = PBXBuildFile; fileRef = AA40C44626F808D800119D4F /* CatalystContentView.swift */; };
		AA40C44926F808DA00119D4F /* Assets.xcassets in Resources */ = {isa = PBXBuildFile; fileRef = AA40C44826F808DA00119D4F /* Assets.xcassets */; };
		AA40C44C26F808DA00119D4F /* Preview Assets.xcassets in Resources */ = {isa = PBXBuildFile; fileRef = AA40C44B26F808DA00119D4F /* Preview Assets.xcassets */; };
		AA40C45526F8094700119D4F /* Gmp.swift in Sources */ = {isa = PBXBuildFile; fileRef = AA40C45426F8094700119D4F /* Gmp.swift */; };
		AA46B32626FAC48500F83939 /* BrainViewModel.swift in Sources */ = {isa = PBXBuildFile; fileRef = AA46B32526FAC48500F83939 /* BrainViewModel.swift */; };
		AA59D79926FDDEA800321F26 /* AllDigitsView.swift in Sources */ = {isa = PBXBuildFile; fileRef = AA59D79826FDDEA800321F26 /* AllDigitsView.swift */; };
		AA59D79B26FDEC1900321F26 /* LandscapeKeys.swift in Sources */ = {isa = PBXBuildFile; fileRef = AA59D79A26FDEC1900321F26 /* LandscapeKeys.swift */; };
		AA59D79D26FDED8B00321F26 /* IOSContentView.swift in Sources */ = {isa = PBXBuildFile; fileRef = AA59D79C26FDED8B00321F26 /* IOSContentView.swift */; };
		AA64980B26FD430900CFF9AA /* Zoom.swift in Sources */ = {isa = PBXBuildFile; fileRef = AA64980A26FD430900CFF9AA /* Zoom.swift */; };
		AA64980D26FD48F900CFF9AA /* DisplayData.swift in Sources */ = {isa = PBXBuildFile; fileRef = AA64980C26FD48F900CFF9AA /* DisplayData.swift */; };
		AA7CD3AB26FC322C00C714A6 /* ScientificKeys.swift in Sources */ = {isa = PBXBuildFile; fileRef = AA7CD3AA26FC322C00C714A6 /* ScientificKeys.swift */; };
		AA95563C26FA0E360029D94C /* AddBackGround.swift in Sources */ = {isa = PBXBuildFile; fileRef = AA95563B26FA0E360029D94C /* AddBackGround.swift */; };
		AA95564026FA1C180029D94C /* Key.swift in Sources */ = {isa = PBXBuildFile; fileRef = AA95563F26FA1C180029D94C /* Key.swift */; };
		AA95564226FA471D0029D94C /* Brain.swift in Sources */ = {isa = PBXBuildFile; fileRef = AA95564126FA471D0029D94C /* Brain.swift */; };
		AAD9014526FF720900A7BCD5 /* gmp.xcframework in Frameworks */ = {isa = PBXBuildFile; fileRef = AA3D6F7E26F8940800423E76 /* gmp.xcframework */; };
		AAD9014626FF720900A7BCD5 /* gmp.xcframework in Embed Frameworks */ = {isa = PBXBuildFile; fileRef = AA3D6F7E26F8940800423E76 /* gmp.xcframework */; settings = {ATTRIBUTES = (CodeSignOnCopy, RemoveHeadersOnCopy, ); }; };
		AAD9014726FF720900A7BCD5 /* mpfr.xcframework in Frameworks */ = {isa = PBXBuildFile; fileRef = AA2576A526F8E6CE00CDD8C9 /* mpfr.xcframework */; };
		AAD9014826FF720900A7BCD5 /* mpfr.xcframework in Embed Frameworks */ = {isa = PBXBuildFile; fileRef = AA2576A526F8E6CE00CDD8C9 /* mpfr.xcframework */; settings = {ATTRIBUTES = (CodeSignOnCopy, RemoveHeadersOnCopy, ); }; };
		AAE87B9326FC5F42009E6D80 /* Display.swift in Sources */ = {isa = PBXBuildFile; fileRef = AAE87B9226FC5F42009E6D80 /* Display.swift */; };
		AAE87B9526FC7302009E6D80 /* Symbols.swift in Sources */ = {isa = PBXBuildFile; fileRef = AAE87B9426FC7302009E6D80 /* Symbols.swift */; };
		AAE87B9726FCB210009E6D80 /* GmpStack.swift in Sources */ = {isa = PBXBuildFile; fileRef = AAE87B9626FCB210009E6D80 /* GmpStack.swift */; };
		AAE87B9926FCB24C009E6D80 /* TwoParameterOperationStack.swift in Sources */ = {isa = PBXBuildFile; fileRef = AAE87B9826FCB24C009E6D80 /* TwoParameterOperationStack.swift */; };
		AAF1F59126FBA9C7000A733F /* Configuration.swift in Sources */ = {isa = PBXBuildFile; fileRef = AAF1F59026FBA9C7000A733F /* Configuration.swift */; };
/* End PBXBuildFile section */

/* Begin PBXCopyFilesBuildPhase section */
		AAD9014926FF720900A7BCD5 /* Embed Frameworks */ = {
			isa = PBXCopyFilesBuildPhase;
			buildActionMask = 2147483647;
			dstPath = "";
			dstSubfolderSpec = 10;
			files = (
				AAD9014826FF720900A7BCD5 /* mpfr.xcframework in Embed Frameworks */,
				AAD9014626FF720900A7BCD5 /* gmp.xcframework in Embed Frameworks */,
			);
			name = "Embed Frameworks";
			runOnlyForDeploymentPostprocessing = 0;
		};
/* End PBXCopyFilesBuildPhase section */

/* Begin PBXFileReference section */
		AA2576A526F8E6CE00CDD8C9 /* mpfr.xcframework */ = {isa = PBXFileReference; lastKnownFileType = wrapper.xcframework; name = mpfr.xcframework; path = dist/mpfr.xcframework; sourceTree = "<group>"; };
		AA2576B226F8F16600CDD8C9 /* NumberKeys.swift */ = {isa = PBXFileReference; lastKnownFileType = sourcecode.swift; path = NumberKeys.swift; sourceTree = "<group>"; };
		AA3D6F7E26F8940800423E76 /* gmp.xcframework */ = {isa = PBXFileReference; lastKnownFileType = wrapper.xcframework; name = gmp.xcframework; path = dist/gmp.xcframework; sourceTree = "<group>"; };
		AA40C44126F808D800119D4F /* Calculator.app */ = {isa = PBXFileReference; explicitFileType = wrapper.application; includeInIndex = 0; path = Calculator.app; sourceTree = BUILT_PRODUCTS_DIR; };
		AA40C44426F808D800119D4F /* CalculatorApp.swift */ = {isa = PBXFileReference; lastKnownFileType = sourcecode.swift; path = CalculatorApp.swift; sourceTree = "<group>"; };
		AA40C44626F808D800119D4F /* CatalystContentView.swift */ = {isa = PBXFileReference; lastKnownFileType = sourcecode.swift; path = CatalystContentView.swift; sourceTree = "<group>"; };
		AA40C44826F808DA00119D4F /* Assets.xcassets */ = {isa = PBXFileReference; lastKnownFileType = folder.assetcatalog; path = Assets.xcassets; sourceTree = "<group>"; };
		AA40C44B26F808DA00119D4F /* Preview Assets.xcassets */ = {isa = PBXFileReference; lastKnownFileType = folder.assetcatalog; path = "Preview Assets.xcassets"; sourceTree = "<group>"; };
		AA40C45426F8094700119D4F /* Gmp.swift */ = {isa = PBXFileReference; lastKnownFileType = sourcecode.swift; path = Gmp.swift; sourceTree = "<group>"; };
		AA40C45626F8096700119D4F /* Calculator.entitlements */ = {isa = PBXFileReference; lastKnownFileType = text.plist.entitlements; path = Calculator.entitlements; sourceTree = "<group>"; };
		AA46B32526FAC48500F83939 /* BrainViewModel.swift */ = {isa = PBXFileReference; lastKnownFileType = sourcecode.swift; path = BrainViewModel.swift; sourceTree = "<group>"; };
		AA59D79826FDDEA800321F26 /* AllDigitsView.swift */ = {isa = PBXFileReference; lastKnownFileType = sourcecode.swift; path = AllDigitsView.swift; sourceTree = "<group>"; };
		AA59D79A26FDEC1900321F26 /* LandscapeKeys.swift */ = {isa = PBXFileReference; lastKnownFileType = sourcecode.swift; path = LandscapeKeys.swift; sourceTree = "<group>"; };
		AA59D79C26FDED8B00321F26 /* IOSContentView.swift */ = {isa = PBXFileReference; lastKnownFileType = sourcecode.swift; path = IOSContentView.swift; sourceTree = "<group>"; };
		AA64980A26FD430900CFF9AA /* Zoom.swift */ = {isa = PBXFileReference; lastKnownFileType = sourcecode.swift; path = Zoom.swift; sourceTree = "<group>"; };
		AA64980C26FD48F900CFF9AA /* DisplayData.swift */ = {isa = PBXFileReference; lastKnownFileType = sourcecode.swift; path = DisplayData.swift; sourceTree = "<group>"; };
		AA7CD3AA26FC322C00C714A6 /* ScientificKeys.swift */ = {isa = PBXFileReference; lastKnownFileType = sourcecode.swift; path = ScientificKeys.swift; sourceTree = "<group>"; };
		AA95563B26FA0E360029D94C /* AddBackGround.swift */ = {isa = PBXFileReference; lastKnownFileType = sourcecode.swift; path = AddBackGround.swift; sourceTree = "<group>"; };
		AA95563F26FA1C180029D94C /* Key.swift */ = {isa = PBXFileReference; lastKnownFileType = sourcecode.swift; path = Key.swift; sourceTree = "<group>"; };
		AA95564126FA471D0029D94C /* Brain.swift */ = {isa = PBXFileReference; lastKnownFileType = sourcecode.swift; path = Brain.swift; sourceTree = "<group>"; };
		AAE87B9226FC5F42009E6D80 /* Display.swift */ = {isa = PBXFileReference; lastKnownFileType = sourcecode.swift; path = Display.swift; sourceTree = "<group>"; };
		AAE87B9426FC7302009E6D80 /* Symbols.swift */ = {isa = PBXFileReference; lastKnownFileType = sourcecode.swift; path = Symbols.swift; sourceTree = "<group>"; };
		AAE87B9626FCB210009E6D80 /* GmpStack.swift */ = {isa = PBXFileReference; lastKnownFileType = sourcecode.swift; path = GmpStack.swift; sourceTree = "<group>"; };
		AAE87B9826FCB24C009E6D80 /* TwoParameterOperationStack.swift */ = {isa = PBXFileReference; lastKnownFileType = sourcecode.swift; path = TwoParameterOperationStack.swift; sourceTree = "<group>"; };
		AAF1F59026FBA9C7000A733F /* Configuration.swift */ = {isa = PBXFileReference; lastKnownFileType = sourcecode.swift; path = Configuration.swift; sourceTree = "<group>"; };
/* End PBXFileReference section */

/* Begin PBXFrameworksBuildPhase section */
		AA40C43E26F808D800119D4F /* Frameworks */ = {
			isa = PBXFrameworksBuildPhase;
			buildActionMask = 2147483647;
			files = (
				AAD9014726FF720900A7BCD5 /* mpfr.xcframework in Frameworks */,
				AAD9014526FF720900A7BCD5 /* gmp.xcframework in Frameworks */,
			);
			runOnlyForDeploymentPostprocessing = 0;
		};
/* End PBXFrameworksBuildPhase section */

/* Begin PBXGroup section */
		AA40C43826F808D800119D4F = {
			isa = PBXGroup;
			children = (
				AA40C44326F808D800119D4F /* Calculator */,
				AA40C44226F808D800119D4F /* Products */,
				AA40C45A26F8182700119D4F /* Frameworks */,
			);
			sourceTree = "<group>";
		};
		AA40C44226F808D800119D4F /* Products */ = {
			isa = PBXGroup;
			children = (
				AA40C44126F808D800119D4F /* Calculator.app */,
			);
			name = Products;
			sourceTree = "<group>";
		};
		AA40C44326F808D800119D4F /* Calculator */ = {
			isa = PBXGroup;
			children = (
				AA40C45626F8096700119D4F /* Calculator.entitlements */,
				AA40C44426F808D800119D4F /* CalculatorApp.swift */,
				AAF1F59026FBA9C7000A733F /* Configuration.swift */,
				AA40C44626F808D800119D4F /* CatalystContentView.swift */,
				AA40C45426F8094700119D4F /* Gmp.swift */,
				AA40C44826F808DA00119D4F /* Assets.xcassets */,
				AA40C44A26F808DA00119D4F /* Preview Content */,
				AA2576B226F8F16600CDD8C9 /* NumberKeys.swift */,
				AA95563B26FA0E360029D94C /* AddBackGround.swift */,
				AA95563F26FA1C180029D94C /* Key.swift */,
				AA95564126FA471D0029D94C /* Brain.swift */,
				AAE87B9626FCB210009E6D80 /* GmpStack.swift */,
				AAE87B9826FCB24C009E6D80 /* TwoParameterOperationStack.swift */,
				AA46B32526FAC48500F83939 /* BrainViewModel.swift */,
				AA7CD3AA26FC322C00C714A6 /* ScientificKeys.swift */,
				AAE87B9226FC5F42009E6D80 /* Display.swift */,
				AAE87B9426FC7302009E6D80 /* Symbols.swift */,
				AA64980A26FD430900CFF9AA /* Zoom.swift */,
				AA64980C26FD48F900CFF9AA /* DisplayData.swift */,
				AA59D79826FDDEA800321F26 /* AllDigitsView.swift */,
				AA59D79A26FDEC1900321F26 /* LandscapeKeys.swift */,
				AA59D79C26FDED8B00321F26 /* IOSContentView.swift */,
			);
			path = Calculator;
			sourceTree = "<group>";
		};
		AA40C44A26F808DA00119D4F /* Preview Content */ = {
			isa = PBXGroup;
			children = (
				AA40C44B26F808DA00119D4F /* Preview Assets.xcassets */,
			);
			path = "Preview Content";
			sourceTree = "<group>";
		};
		AA40C45A26F8182700119D4F /* Frameworks */ = {
			isa = PBXGroup;
			children = (
				AA2576A526F8E6CE00CDD8C9 /* mpfr.xcframework */,
				AA3D6F7E26F8940800423E76 /* gmp.xcframework */,
			);
			name = Frameworks;
			sourceTree = "<group>";
		};
/* End PBXGroup section */

/* Begin PBXNativeTarget section */
		AA40C44026F808D800119D4F /* Calculator */ = {
			isa = PBXNativeTarget;
			buildConfigurationList = AA40C44F26F808DA00119D4F /* Build configuration list for PBXNativeTarget "Calculator" */;
			buildPhases = (
				AA40C43D26F808D800119D4F /* Sources */,
				AA40C43E26F808D800119D4F /* Frameworks */,
				AA40C43F26F808D800119D4F /* Resources */,
				AAD9014926FF720900A7BCD5 /* Embed Frameworks */,
			);
			buildRules = (
			);
			dependencies = (
			);
			name = Calculator;
			productName = Calculator;
			productReference = AA40C44126F808D800119D4F /* Calculator.app */;
			productType = "com.apple.product-type.application";
		};
/* End PBXNativeTarget section */

/* Begin PBXProject section */
		AA40C43926F808D800119D4F /* Project object */ = {
			isa = PBXProject;
			attributes = {
				BuildIndependentTargetsInParallel = 1;
				LastSwiftUpdateCheck = 1300;
				LastUpgradeCheck = 1300;
				TargetAttributes = {
					AA40C44026F808D800119D4F = {
						CreatedOnToolsVersion = 13.0;
					};
				};
			};
			buildConfigurationList = AA40C43C26F808D800119D4F /* Build configuration list for PBXProject "Calculator" */;
			compatibilityVersion = "Xcode 13.0";
			developmentRegion = en;
			hasScannedForEncodings = 0;
			knownRegions = (
				en,
				Base,
			);
			mainGroup = AA40C43826F808D800119D4F;
			productRefGroup = AA40C44226F808D800119D4F /* Products */;
			projectDirPath = "";
			projectRoot = "";
			targets = (
				AA40C44026F808D800119D4F /* Calculator */,
			);
		};
/* End PBXProject section */

/* Begin PBXResourcesBuildPhase section */
		AA40C43F26F808D800119D4F /* Resources */ = {
			isa = PBXResourcesBuildPhase;
			buildActionMask = 2147483647;
			files = (
				AA40C44C26F808DA00119D4F /* Preview Assets.xcassets in Resources */,
				AA40C44926F808DA00119D4F /* Assets.xcassets in Resources */,
			);
			runOnlyForDeploymentPostprocessing = 0;
		};
/* End PBXResourcesBuildPhase section */

/* Begin PBXSourcesBuildPhase section */
		AA40C43D26F808D800119D4F /* Sources */ = {
			isa = PBXSourcesBuildPhase;
			buildActionMask = 2147483647;
			files = (
				AA40C44726F808D900119D4F /* CatalystContentView.swift in Sources */,
				AAE87B9926FCB24C009E6D80 /* TwoParameterOperationStack.swift in Sources */,
				AA64980B26FD430900CFF9AA /* Zoom.swift in Sources */,
				AA95563C26FA0E360029D94C /* AddBackGround.swift in Sources */,
				AA7CD3AB26FC322C00C714A6 /* ScientificKeys.swift in Sources */,
				AA59D79B26FDEC1900321F26 /* LandscapeKeys.swift in Sources */,
				AA2576B326F8F16600CDD8C9 /* NumberKeys.swift in Sources */,
				AAF1F59126FBA9C7000A733F /* Configuration.swift in Sources */,
				AAE87B9326FC5F42009E6D80 /* Display.swift in Sources */,
				AA40C45526F8094700119D4F /* Gmp.swift in Sources */,
				AA95564226FA471D0029D94C /* Brain.swift in Sources */,
				AA40C44526F808D800119D4F /* CalculatorApp.swift in Sources */,
				AA64980D26FD48F900CFF9AA /* DisplayData.swift in Sources */,
				AA59D79D26FDED8B00321F26 /* IOSContentView.swift in Sources */,
				AAE87B9526FC7302009E6D80 /* Symbols.swift in Sources */,
				AA95564026FA1C180029D94C /* Key.swift in Sources */,
				AAE87B9726FCB210009E6D80 /* GmpStack.swift in Sources */,
				AA46B32626FAC48500F83939 /* BrainViewModel.swift in Sources */,
				AA59D79926FDDEA800321F26 /* AllDigitsView.swift in Sources */,
			);
			runOnlyForDeploymentPostprocessing = 0;
		};
/* End PBXSourcesBuildPhase section */

/* Begin XCBuildConfiguration section */
		AA40C44D26F808DA00119D4F /* Debug */ = {
			isa = XCBuildConfiguration;
			buildSettings = {
				ALWAYS_SEARCH_USER_PATHS = NO;
				CLANG_ANALYZER_NONNULL = YES;
				CLANG_ANALYZER_NUMBER_OBJECT_CONVERSION = YES_AGGRESSIVE;
				CLANG_CXX_LANGUAGE_STANDARD = "gnu++17";
				CLANG_CXX_LIBRARY = "libc++";
				CLANG_ENABLE_MODULES = YES;
				CLANG_ENABLE_OBJC_ARC = YES;
				CLANG_ENABLE_OBJC_WEAK = YES;
				CLANG_WARN_BLOCK_CAPTURE_AUTORELEASING = YES;
				CLANG_WARN_BOOL_CONVERSION = YES;
				CLANG_WARN_COMMA = YES;
				CLANG_WARN_CONSTANT_CONVERSION = YES;
				CLANG_WARN_DEPRECATED_OBJC_IMPLEMENTATIONS = YES;
				CLANG_WARN_DIRECT_OBJC_ISA_USAGE = YES_ERROR;
				CLANG_WARN_DOCUMENTATION_COMMENTS = YES;
				CLANG_WARN_EMPTY_BODY = YES;
				CLANG_WARN_ENUM_CONVERSION = YES;
				CLANG_WARN_INFINITE_RECURSION = YES;
				CLANG_WARN_INT_CONVERSION = YES;
				CLANG_WARN_NON_LITERAL_NULL_CONVERSION = YES;
				CLANG_WARN_OBJC_IMPLICIT_RETAIN_SELF = YES;
				CLANG_WARN_OBJC_LITERAL_CONVERSION = YES;
				CLANG_WARN_OBJC_ROOT_CLASS = YES_ERROR;
				CLANG_WARN_QUOTED_INCLUDE_IN_FRAMEWORK_HEADER = YES;
				CLANG_WARN_RANGE_LOOP_ANALYSIS = YES;
				CLANG_WARN_STRICT_PROTOTYPES = YES;
				CLANG_WARN_SUSPICIOUS_MOVE = YES;
				CLANG_WARN_UNGUARDED_AVAILABILITY = YES_AGGRESSIVE;
				CLANG_WARN_UNREACHABLE_CODE = YES;
				CLANG_WARN__DUPLICATE_METHOD_MATCH = YES;
				COPY_PHASE_STRIP = NO;
				DEBUG_INFORMATION_FORMAT = dwarf;
				ENABLE_STRICT_OBJC_MSGSEND = YES;
				ENABLE_TESTABILITY = YES;
				GCC_C_LANGUAGE_STANDARD = gnu11;
				GCC_DYNAMIC_NO_PIC = NO;
				GCC_NO_COMMON_BLOCKS = YES;
				GCC_OPTIMIZATION_LEVEL = 0;
				GCC_PREPROCESSOR_DEFINITIONS = (
					"DEBUG=1",
					"$(inherited)",
				);
				GCC_WARN_64_TO_32_BIT_CONVERSION = YES;
				GCC_WARN_ABOUT_RETURN_TYPE = YES_ERROR;
				GCC_WARN_UNDECLARED_SELECTOR = YES;
				GCC_WARN_UNINITIALIZED_AUTOS = YES_AGGRESSIVE;
				GCC_WARN_UNUSED_FUNCTION = YES;
				GCC_WARN_UNUSED_VARIABLE = YES;
				IPHONEOS_DEPLOYMENT_TARGET = 15.0;
				MTL_ENABLE_DEBUG_INFO = INCLUDE_SOURCE;
				MTL_FAST_MATH = YES;
				ONLY_ACTIVE_ARCH = YES;
				SDKROOT = iphoneos;
				SWIFT_ACTIVE_COMPILATION_CONDITIONS = DEBUG;
				SWIFT_OPTIMIZATION_LEVEL = "-Onone";
			};
			name = Debug;
		};
		AA40C44E26F808DA00119D4F /* Release */ = {
			isa = XCBuildConfiguration;
			buildSettings = {
				ALWAYS_SEARCH_USER_PATHS = NO;
				CLANG_ANALYZER_NONNULL = YES;
				CLANG_ANALYZER_NUMBER_OBJECT_CONVERSION = YES_AGGRESSIVE;
				CLANG_CXX_LANGUAGE_STANDARD = "gnu++17";
				CLANG_CXX_LIBRARY = "libc++";
				CLANG_ENABLE_MODULES = YES;
				CLANG_ENABLE_OBJC_ARC = YES;
				CLANG_ENABLE_OBJC_WEAK = YES;
				CLANG_WARN_BLOCK_CAPTURE_AUTORELEASING = YES;
				CLANG_WARN_BOOL_CONVERSION = YES;
				CLANG_WARN_COMMA = YES;
				CLANG_WARN_CONSTANT_CONVERSION = YES;
				CLANG_WARN_DEPRECATED_OBJC_IMPLEMENTATIONS = YES;
				CLANG_WARN_DIRECT_OBJC_ISA_USAGE = YES_ERROR;
				CLANG_WARN_DOCUMENTATION_COMMENTS = YES;
				CLANG_WARN_EMPTY_BODY = YES;
				CLANG_WARN_ENUM_CONVERSION = YES;
				CLANG_WARN_INFINITE_RECURSION = YES;
				CLANG_WARN_INT_CONVERSION = YES;
				CLANG_WARN_NON_LITERAL_NULL_CONVERSION = YES;
				CLANG_WARN_OBJC_IMPLICIT_RETAIN_SELF = YES;
				CLANG_WARN_OBJC_LITERAL_CONVERSION = YES;
				CLANG_WARN_OBJC_ROOT_CLASS = YES_ERROR;
				CLANG_WARN_QUOTED_INCLUDE_IN_FRAMEWORK_HEADER = YES;
				CLANG_WARN_RANGE_LOOP_ANALYSIS = YES;
				CLANG_WARN_STRICT_PROTOTYPES = YES;
				CLANG_WARN_SUSPICIOUS_MOVE = YES;
				CLANG_WARN_UNGUARDED_AVAILABILITY = YES_AGGRESSIVE;
				CLANG_WARN_UNREACHABLE_CODE = YES;
				CLANG_WARN__DUPLICATE_METHOD_MATCH = YES;
				COPY_PHASE_STRIP = NO;
				DEBUG_INFORMATION_FORMAT = "dwarf-with-dsym";
				ENABLE_NS_ASSERTIONS = NO;
				ENABLE_STRICT_OBJC_MSGSEND = YES;
				GCC_C_LANGUAGE_STANDARD = gnu11;
				GCC_NO_COMMON_BLOCKS = YES;
				GCC_WARN_64_TO_32_BIT_CONVERSION = YES;
				GCC_WARN_ABOUT_RETURN_TYPE = YES_ERROR;
				GCC_WARN_UNDECLARED_SELECTOR = YES;
				GCC_WARN_UNINITIALIZED_AUTOS = YES_AGGRESSIVE;
				GCC_WARN_UNUSED_FUNCTION = YES;
				GCC_WARN_UNUSED_VARIABLE = YES;
				IPHONEOS_DEPLOYMENT_TARGET = 15.0;
				MTL_ENABLE_DEBUG_INFO = NO;
				MTL_FAST_MATH = YES;
				SDKROOT = iphoneos;
				SWIFT_COMPILATION_MODE = wholemodule;
				SWIFT_OPTIMIZATION_LEVEL = "-O";
				VALIDATE_PRODUCT = YES;
			};
			name = Release;
		};
		AA40C45026F808DA00119D4F /* Debug */ = {
			isa = XCBuildConfiguration;
			buildSettings = {
				ASSETCATALOG_COMPILER_APPICON_NAME = AppIcon;
				ASSETCATALOG_COMPILER_GLOBAL_ACCENT_COLOR_NAME = AccentColor;
				CODE_SIGN_ENTITLEMENTS = Calculator/Calculator.entitlements;
				CODE_SIGN_IDENTITY = "Apple Development";
				"CODE_SIGN_IDENTITY[sdk=macosx*]" = "Apple Development";
				CODE_SIGN_STYLE = Automatic;
				CURRENT_PROJECT_VERSION = 1;
				DEVELOPMENT_ASSET_PATHS = "\"Calculator/Preview Content\"";
				DEVELOPMENT_TEAM = 8A4DL788W9;
				ENABLE_PREVIEWS = YES;
				GENERATE_INFOPLIST_FILE = YES;
				INFOPLIST_KEY_LSApplicationCategoryType = "public.app-category.utilities";
				INFOPLIST_KEY_UIApplicationSceneManifest_Generation = YES;
				INFOPLIST_KEY_UIApplicationSupportsIndirectInputEvents = YES;
				INFOPLIST_KEY_UILaunchScreen_Generation = YES;
				INFOPLIST_KEY_UISupportedInterfaceOrientations_iPad = "UIInterfaceOrientationPortrait UIInterfaceOrientationPortraitUpsideDown UIInterfaceOrientationLandscapeLeft UIInterfaceOrientationLandscapeRight";
				INFOPLIST_KEY_UISupportedInterfaceOrientations_iPhone = "UIInterfaceOrientationPortrait UIInterfaceOrientationLandscapeLeft UIInterfaceOrientationLandscapeRight";
				IPHONEOS_DEPLOYMENT_TARGET = 15.0;
				"IPHONEOS_DEPLOYMENT_TARGET[sdk=macosx*]" = 14.5;
				LD_RUNPATH_SEARCH_PATHS = (
					"$(inherited)",
					"@executable_path/Frameworks",
				);
				LIBRARY_SEARCH_PATHS = "";
				MARKETING_VERSION = 1.0;
				OTHER_SWIFT_FLAGS = "-Xfrontend -debug-time-function-bodies -Xfrontend -warn-long-expression-type-checking=100 -Xfrontend -warn-long-function-bodies=200 -Onone";
				PRODUCT_BUNDLE_IDENTIFIER = com.joachimneumann.Calculator;
				PRODUCT_NAME = "$(TARGET_NAME)";
				PROVISIONING_PROFILE_SPECIFIER = "";
				"PROVISIONING_PROFILE_SPECIFIER[sdk=macosx*]" = "";
				SUPPORTS_MACCATALYST = YES;
				SWIFT_EMIT_LOC_STRINGS = YES;
				SWIFT_OBJC_BRIDGING_HEADER = /Users/joachim/projects/Calculator/dist/include/bridge.h;
				SWIFT_VERSION = 5.0;
				TARGETED_DEVICE_FAMILY = "1,2,6";
			};
			name = Debug;
		};
		AA40C45126F808DA00119D4F /* Release */ = {
			isa = XCBuildConfiguration;
			buildSettings = {
				ASSETCATALOG_COMPILER_APPICON_NAME = AppIcon;
				ASSETCATALOG_COMPILER_GLOBAL_ACCENT_COLOR_NAME = AccentColor;
				CODE_SIGN_ENTITLEMENTS = Calculator/Calculator.entitlements;
				CODE_SIGN_IDENTITY = "Apple Development";
				"CODE_SIGN_IDENTITY[sdk=macosx*]" = "Apple Development";
				CODE_SIGN_STYLE = Automatic;
				CURRENT_PROJECT_VERSION = 1;
				DEVELOPMENT_ASSET_PATHS = "\"Calculator/Preview Content\"";
				DEVELOPMENT_TEAM = 8A4DL788W9;
				ENABLE_PREVIEWS = YES;
				GENERATE_INFOPLIST_FILE = YES;
				INFOPLIST_KEY_LSApplicationCategoryType = "public.app-category.utilities";
				INFOPLIST_KEY_UIApplicationSceneManifest_Generation = YES;
				INFOPLIST_KEY_UIApplicationSupportsIndirectInputEvents = YES;
				INFOPLIST_KEY_UILaunchScreen_Generation = YES;
				INFOPLIST_KEY_UISupportedInterfaceOrientations_iPad = "UIInterfaceOrientationPortrait UIInterfaceOrientationPortraitUpsideDown UIInterfaceOrientationLandscapeLeft UIInterfaceOrientationLandscapeRight";
				INFOPLIST_KEY_UISupportedInterfaceOrientations_iPhone = "UIInterfaceOrientationPortrait UIInterfaceOrientationLandscapeLeft UIInterfaceOrientationLandscapeRight";
				IPHONEOS_DEPLOYMENT_TARGET = 15.0;
				"IPHONEOS_DEPLOYMENT_TARGET[sdk=macosx*]" = 14.5;
				LD_RUNPATH_SEARCH_PATHS = (
					"$(inherited)",
					"@executable_path/Frameworks",
				);
				LIBRARY_SEARCH_PATHS = "";
				MARKETING_VERSION = 1.0;
				PRODUCT_BUNDLE_IDENTIFIER = com.joachimneumann.Calculator;
				PRODUCT_NAME = "$(TARGET_NAME)";
				PROVISIONING_PROFILE_SPECIFIER = "";
				"PROVISIONING_PROFILE_SPECIFIER[sdk=macosx*]" = "";
				SUPPORTS_MACCATALYST = YES;
				SWIFT_EMIT_LOC_STRINGS = YES;
				SWIFT_OBJC_BRIDGING_HEADER = /Users/joachim/projects/Calculator/dist/include/bridge.h;
				SWIFT_VERSION = 5.0;
				TARGETED_DEVICE_FAMILY = "1,2,6";
			};
			name = Release;
		};
/* End XCBuildConfiguration section */

/* Begin XCConfigurationList section */
		AA40C43C26F808D800119D4F /* Build configuration list for PBXProject "Calculator" */ = {
			isa = XCConfigurationList;
			buildConfigurations = (
				AA40C44D26F808DA00119D4F /* Debug */,
				AA40C44E26F808DA00119D4F /* Release */,
			);
			defaultConfigurationIsVisible = 0;
			defaultConfigurationName = Release;
		};
		AA40C44F26F808DA00119D4F /* Build configuration list for PBXNativeTarget "Calculator" */ = {
			isa = XCConfigurationList;
			buildConfigurations = (
				AA40C45026F808DA00119D4F /* Debug */,
				AA40C45126F808DA00119D4F /* Release */,
			);
			defaultConfigurationIsVisible = 0;
			defaultConfigurationName = Release;
		};
/* End XCConfigurationList section */
	};
	rootObject = AA40C43926F808D800119D4F /* Project object */;
}
